// !$*UTF8*$!
{
	archiveVersion = 1;
	classes = {
	};
	objectVersion = 51;
	objects = {

/* Begin PBXBuildFile section */
		1A28DABD2417C8B600CEADB1 /* GoogleService-Info.plist in Resources */ = {isa = PBXBuildFile; fileRef = 1A28DABC2417C8B600CEADB1 /* GoogleService-Info.plist */; };
		1A28DABE2417C8B600CEADB1 /* GoogleService-Info.plist in Resources */ = {isa = PBXBuildFile; fileRef = 1A28DABC2417C8B600CEADB1 /* GoogleService-Info.plist */; };
		1A28DABF2417C8B600CEADB1 /* GoogleService-Info.plist in Resources */ = {isa = PBXBuildFile; fileRef = 1A28DABC2417C8B600CEADB1 /* GoogleService-Info.plist */; };
		37CE06532418809D0085BE4A /* BerryCanvas.swift in Sources */ = {isa = PBXBuildFile; fileRef = 37CE06512418809D0085BE4A /* BerryCanvas.swift */; };
		37CE06542418809D0085BE4A /* Canvas.swift in Sources */ = {isa = PBXBuildFile; fileRef = 37CE06522418809D0085BE4A /* Canvas.swift */; };
		37CE0658241B1E240085BE4A /* Palette.swift in Sources */ = {isa = PBXBuildFile; fileRef = 37CE0657241B1E240085BE4A /* Palette.swift */; };
		3E2BDC86241A59C0001D8E8A /* Message.swift in Sources */ = {isa = PBXBuildFile; fileRef = 3E2BDC85241A59C0001D8E8A /* Message.swift */; };
		3EF004F6241906A300136234 /* LoginViewController.swift in Sources */ = {isa = PBXBuildFile; fileRef = 3EF004F5241906A300136234 /* LoginViewController.swift */; };
		3EF004F82419071F00136234 /* SignUpViewController.swift in Sources */ = {isa = PBXBuildFile; fileRef = 3EF004F72419071F00136234 /* SignUpViewController.swift */; };
		3EF004FA241907FB00136234 /* HomeViewController.swift in Sources */ = {isa = PBXBuildFile; fileRef = 3EF004F9241907FB00136234 /* HomeViewController.swift */; };
		3EF004FC2419149A00136234 /* Helper.swift in Sources */ = {isa = PBXBuildFile; fileRef = 3EF004FB2419149A00136234 /* Helper.swift */; };
		7077775E169D994ED78C9B28 /* Pods_DrawBerry_DrawBerryUITests.framework in Frameworks */ = {isa = PBXBuildFile; fileRef = FF7B86EB6DA88700E93D9971 /* Pods_DrawBerry_DrawBerryUITests.framework */; };
		93DAF243E97405D78CF30A21 /* Pods_DrawBerryTests.framework in Frameworks */ = {isa = PBXBuildFile; fileRef = 14E717231FA04EC0E07B9DFF /* Pods_DrawBerryTests.framework */; };
		B5BF19E44604DE25EE903483 /* Pods_DrawBerry.framework in Frameworks */ = {isa = PBXBuildFile; fileRef = 283B7AA32B517C3468FBBF24 /* Pods_DrawBerry.framework */; };
		FCEC3BE62417941600F0DE03 /* AppDelegate.swift in Sources */ = {isa = PBXBuildFile; fileRef = FCEC3BE52417941600F0DE03 /* AppDelegate.swift */; };
		FCEC3BE82417941600F0DE03 /* SceneDelegate.swift in Sources */ = {isa = PBXBuildFile; fileRef = FCEC3BE72417941600F0DE03 /* SceneDelegate.swift */; };
		FCEC3BEA2417941600F0DE03 /* ViewController.swift in Sources */ = {isa = PBXBuildFile; fileRef = FCEC3BE92417941600F0DE03 /* ViewController.swift */; };
		FCEC3BED2417941600F0DE03 /* Main.storyboard in Resources */ = {isa = PBXBuildFile; fileRef = FCEC3BEB2417941600F0DE03 /* Main.storyboard */; };
		FCEC3BEF2417941700F0DE03 /* Assets.xcassets in Resources */ = {isa = PBXBuildFile; fileRef = FCEC3BEE2417941700F0DE03 /* Assets.xcassets */; };
		FCEC3BF22417941700F0DE03 /* LaunchScreen.storyboard in Resources */ = {isa = PBXBuildFile; fileRef = FCEC3BF02417941700F0DE03 /* LaunchScreen.storyboard */; };
		FCEC3BFD2417941700F0DE03 /* DrawBerryTests.swift in Sources */ = {isa = PBXBuildFile; fileRef = FCEC3BFC2417941700F0DE03 /* DrawBerryTests.swift */; };
		FCEC3C082417941700F0DE03 /* DrawBerryUITests.swift in Sources */ = {isa = PBXBuildFile; fileRef = FCEC3C072417941700F0DE03 /* DrawBerryUITests.swift */; };
/* End PBXBuildFile section */

/* Begin PBXContainerItemProxy section */
		FCEC3BF92417941700F0DE03 /* PBXContainerItemProxy */ = {
			isa = PBXContainerItemProxy;
			containerPortal = FCEC3BDA2417941600F0DE03 /* Project object */;
			proxyType = 1;
			remoteGlobalIDString = FCEC3BE12417941600F0DE03;
			remoteInfo = DrawBerry;
		};
		FCEC3C042417941700F0DE03 /* PBXContainerItemProxy */ = {
			isa = PBXContainerItemProxy;
			containerPortal = FCEC3BDA2417941600F0DE03 /* Project object */;
			proxyType = 1;
			remoteGlobalIDString = FCEC3BE12417941600F0DE03;
			remoteInfo = DrawBerry;
		};
/* End PBXContainerItemProxy section */

/* Begin PBXFileReference section */
		0512DC0375238871C0778AA1 /* Pods-DrawBerry-DrawBerryUITests.release.xcconfig */ = {isa = PBXFileReference; includeInIndex = 1; lastKnownFileType = text.xcconfig; name = "Pods-DrawBerry-DrawBerryUITests.release.xcconfig"; path = "Target Support Files/Pods-DrawBerry-DrawBerryUITests/Pods-DrawBerry-DrawBerryUITests.release.xcconfig"; sourceTree = "<group>"; };
		14E717231FA04EC0E07B9DFF /* Pods_DrawBerryTests.framework */ = {isa = PBXFileReference; explicitFileType = wrapper.framework; includeInIndex = 0; path = Pods_DrawBerryTests.framework; sourceTree = BUILT_PRODUCTS_DIR; };
		1A28DABC2417C8B600CEADB1 /* GoogleService-Info.plist */ = {isa = PBXFileReference; fileEncoding = 4; lastKnownFileType = text.plist.xml; path = "GoogleService-Info.plist"; sourceTree = "<group>"; };
		1F37164A758ACE561C1CAEC7 /* Pods-DrawBerry-DrawBerryUITests.debug.xcconfig */ = {isa = PBXFileReference; includeInIndex = 1; lastKnownFileType = text.xcconfig; name = "Pods-DrawBerry-DrawBerryUITests.debug.xcconfig"; path = "Target Support Files/Pods-DrawBerry-DrawBerryUITests/Pods-DrawBerry-DrawBerryUITests.debug.xcconfig"; sourceTree = "<group>"; };
		283B7AA32B517C3468FBBF24 /* Pods_DrawBerry.framework */ = {isa = PBXFileReference; explicitFileType = wrapper.framework; includeInIndex = 0; path = Pods_DrawBerry.framework; sourceTree = BUILT_PRODUCTS_DIR; };
		37CE06512418809D0085BE4A /* BerryCanvas.swift */ = {isa = PBXFileReference; fileEncoding = 4; lastKnownFileType = sourcecode.swift; path = BerryCanvas.swift; sourceTree = "<group>"; };
		37CE06522418809D0085BE4A /* Canvas.swift */ = {isa = PBXFileReference; fileEncoding = 4; lastKnownFileType = sourcecode.swift; path = Canvas.swift; sourceTree = "<group>"; };
		37CE0657241B1E240085BE4A /* Palette.swift */ = {isa = PBXFileReference; lastKnownFileType = sourcecode.swift; path = Palette.swift; sourceTree = "<group>"; };
		3E2BDC85241A59C0001D8E8A /* Message.swift */ = {isa = PBXFileReference; lastKnownFileType = sourcecode.swift; path = Message.swift; sourceTree = "<group>"; };
		3EF004F5241906A300136234 /* LoginViewController.swift */ = {isa = PBXFileReference; lastKnownFileType = sourcecode.swift; path = LoginViewController.swift; sourceTree = "<group>"; };
		3EF004F72419071F00136234 /* SignUpViewController.swift */ = {isa = PBXFileReference; lastKnownFileType = sourcecode.swift; path = SignUpViewController.swift; sourceTree = "<group>"; };
		3EF004F9241907FB00136234 /* HomeViewController.swift */ = {isa = PBXFileReference; lastKnownFileType = sourcecode.swift; path = HomeViewController.swift; sourceTree = "<group>"; };
		3EF004FB2419149A00136234 /* Helper.swift */ = {isa = PBXFileReference; lastKnownFileType = sourcecode.swift; path = Helper.swift; sourceTree = "<group>"; };
		3F32A3E67038A82FFC1388CC /* Pods-DrawBerry.debug.xcconfig */ = {isa = PBXFileReference; includeInIndex = 1; lastKnownFileType = text.xcconfig; name = "Pods-DrawBerry.debug.xcconfig"; path = "Target Support Files/Pods-DrawBerry/Pods-DrawBerry.debug.xcconfig"; sourceTree = "<group>"; };
		51DFAD24D4266887B74A5783 /* Pods-DrawBerryTests.release.xcconfig */ = {isa = PBXFileReference; includeInIndex = 1; lastKnownFileType = text.xcconfig; name = "Pods-DrawBerryTests.release.xcconfig"; path = "Target Support Files/Pods-DrawBerryTests/Pods-DrawBerryTests.release.xcconfig"; sourceTree = "<group>"; };
		6F180B30F4ED1A69977FEC0D /* Pods-DrawBerryTests.debug.xcconfig */ = {isa = PBXFileReference; includeInIndex = 1; lastKnownFileType = text.xcconfig; name = "Pods-DrawBerryTests.debug.xcconfig"; path = "Target Support Files/Pods-DrawBerryTests/Pods-DrawBerryTests.debug.xcconfig"; sourceTree = "<group>"; };
		86834A6C22D04E4C8233B63C /* Pods-DrawBerry.release.xcconfig */ = {isa = PBXFileReference; includeInIndex = 1; lastKnownFileType = text.xcconfig; name = "Pods-DrawBerry.release.xcconfig"; path = "Target Support Files/Pods-DrawBerry/Pods-DrawBerry.release.xcconfig"; sourceTree = "<group>"; };
		FCEC3BE22417941600F0DE03 /* DrawBerry.app */ = {isa = PBXFileReference; explicitFileType = wrapper.application; includeInIndex = 0; path = DrawBerry.app; sourceTree = BUILT_PRODUCTS_DIR; };
		FCEC3BE52417941600F0DE03 /* AppDelegate.swift */ = {isa = PBXFileReference; lastKnownFileType = sourcecode.swift; path = AppDelegate.swift; sourceTree = "<group>"; };
		FCEC3BE72417941600F0DE03 /* SceneDelegate.swift */ = {isa = PBXFileReference; lastKnownFileType = sourcecode.swift; path = SceneDelegate.swift; sourceTree = "<group>"; };
		FCEC3BE92417941600F0DE03 /* ViewController.swift */ = {isa = PBXFileReference; lastKnownFileType = sourcecode.swift; path = ViewController.swift; sourceTree = "<group>"; };
		FCEC3BEC2417941600F0DE03 /* Base */ = {isa = PBXFileReference; lastKnownFileType = file.storyboard; name = Base; path = Base.lproj/Main.storyboard; sourceTree = "<group>"; };
		FCEC3BEE2417941700F0DE03 /* Assets.xcassets */ = {isa = PBXFileReference; lastKnownFileType = folder.assetcatalog; path = Assets.xcassets; sourceTree = "<group>"; };
		FCEC3BF12417941700F0DE03 /* Base */ = {isa = PBXFileReference; lastKnownFileType = file.storyboard; name = Base; path = Base.lproj/LaunchScreen.storyboard; sourceTree = "<group>"; };
		FCEC3BF32417941700F0DE03 /* Info.plist */ = {isa = PBXFileReference; lastKnownFileType = text.plist.xml; path = Info.plist; sourceTree = "<group>"; };
		FCEC3BF82417941700F0DE03 /* DrawBerryTests.xctest */ = {isa = PBXFileReference; explicitFileType = wrapper.cfbundle; includeInIndex = 0; path = DrawBerryTests.xctest; sourceTree = BUILT_PRODUCTS_DIR; };
		FCEC3BFC2417941700F0DE03 /* DrawBerryTests.swift */ = {isa = PBXFileReference; lastKnownFileType = sourcecode.swift; path = DrawBerryTests.swift; sourceTree = "<group>"; };
		FCEC3BFE2417941700F0DE03 /* Info.plist */ = {isa = PBXFileReference; lastKnownFileType = text.plist.xml; path = Info.plist; sourceTree = "<group>"; };
		FCEC3C032417941700F0DE03 /* DrawBerryUITests.xctest */ = {isa = PBXFileReference; explicitFileType = wrapper.cfbundle; includeInIndex = 0; path = DrawBerryUITests.xctest; sourceTree = BUILT_PRODUCTS_DIR; };
		FCEC3C072417941700F0DE03 /* DrawBerryUITests.swift */ = {isa = PBXFileReference; lastKnownFileType = sourcecode.swift; path = DrawBerryUITests.swift; sourceTree = "<group>"; };
		FCEC3C092417941700F0DE03 /* Info.plist */ = {isa = PBXFileReference; lastKnownFileType = text.plist.xml; path = Info.plist; sourceTree = "<group>"; };
		FF7B86EB6DA88700E93D9971 /* Pods_DrawBerry_DrawBerryUITests.framework */ = {isa = PBXFileReference; explicitFileType = wrapper.framework; includeInIndex = 0; path = Pods_DrawBerry_DrawBerryUITests.framework; sourceTree = BUILT_PRODUCTS_DIR; };
/* End PBXFileReference section */

/* Begin PBXFrameworksBuildPhase section */
		FCEC3BDF2417941600F0DE03 /* Frameworks */ = {
			isa = PBXFrameworksBuildPhase;
			buildActionMask = 2147483647;
			files = (
				B5BF19E44604DE25EE903483 /* Pods_DrawBerry.framework in Frameworks */,
			);
			runOnlyForDeploymentPostprocessing = 0;
		};
		FCEC3BF52417941700F0DE03 /* Frameworks */ = {
			isa = PBXFrameworksBuildPhase;
			buildActionMask = 2147483647;
			files = (
				93DAF243E97405D78CF30A21 /* Pods_DrawBerryTests.framework in Frameworks */,
			);
			runOnlyForDeploymentPostprocessing = 0;
		};
		FCEC3C002417941700F0DE03 /* Frameworks */ = {
			isa = PBXFrameworksBuildPhase;
			buildActionMask = 2147483647;
			files = (
				7077775E169D994ED78C9B28 /* Pods_DrawBerry_DrawBerryUITests.framework in Frameworks */,
			);
			runOnlyForDeploymentPostprocessing = 0;
		};
/* End PBXFrameworksBuildPhase section */

/* Begin PBXGroup section */
		37CE06502418809D0085BE4A /* GameModel */ = {
			isa = PBXGroup;
			children = (
				37CE06512418809D0085BE4A /* BerryCanvas.swift */,
				37CE06522418809D0085BE4A /* Canvas.swift */,
				37CE0657241B1E240085BE4A /* Palette.swift */,
			);
			path = GameModel;
			sourceTree = "<group>";
		};
		3E2BDC87241A6224001D8E8A /* UserAuthentication */ = {
			isa = PBXGroup;
			children = (
				3EF004F5241906A300136234 /* LoginViewController.swift */,
				3EF004F72419071F00136234 /* SignUpViewController.swift */,
			);
			path = UserAuthentication;
			sourceTree = "<group>";
		};
		3E2BDC88241A6257001D8E8A /* Supporting Files */ = {
			isa = PBXGroup;
			children = (
				FCEC3BE52417941600F0DE03 /* AppDelegate.swift */,
				FCEC3BE72417941600F0DE03 /* SceneDelegate.swift */,
			);
			path = "Supporting Files";
			sourceTree = "<group>";
		};
		3E2BDC89241A626B001D8E8A /* Helper */ = {
			isa = PBXGroup;
			children = (
				3EF004FB2419149A00136234 /* Helper.swift */,
				3E2BDC85241A59C0001D8E8A /* Message.swift */,
			);
			path = Helper;
			sourceTree = "<group>";
		};
		4DC5CBA0BFA55A45E799CE59 /* Pods */ = {
			isa = PBXGroup;
			children = (
				3F32A3E67038A82FFC1388CC /* Pods-DrawBerry.debug.xcconfig */,
				86834A6C22D04E4C8233B63C /* Pods-DrawBerry.release.xcconfig */,
				1F37164A758ACE561C1CAEC7 /* Pods-DrawBerry-DrawBerryUITests.debug.xcconfig */,
				0512DC0375238871C0778AA1 /* Pods-DrawBerry-DrawBerryUITests.release.xcconfig */,
				6F180B30F4ED1A69977FEC0D /* Pods-DrawBerryTests.debug.xcconfig */,
				51DFAD24D4266887B74A5783 /* Pods-DrawBerryTests.release.xcconfig */,
			);
			path = Pods;
			sourceTree = "<group>";
		};
		8AB14D868021087EE84C9DC9 /* Frameworks */ = {
			isa = PBXGroup;
			children = (
				283B7AA32B517C3468FBBF24 /* Pods_DrawBerry.framework */,
				FF7B86EB6DA88700E93D9971 /* Pods_DrawBerry_DrawBerryUITests.framework */,
				14E717231FA04EC0E07B9DFF /* Pods_DrawBerryTests.framework */,
			);
			name = Frameworks;
			sourceTree = "<group>";
		};
		FCEC3BD92417941600F0DE03 = {
			isa = PBXGroup;
			children = (
				FCEC3BE42417941600F0DE03 /* DrawBerry */,
				FCEC3BFB2417941700F0DE03 /* DrawBerryTests */,
				FCEC3C062417941700F0DE03 /* DrawBerryUITests */,
				FCEC3BE32417941600F0DE03 /* Products */,
				4DC5CBA0BFA55A45E799CE59 /* Pods */,
				8AB14D868021087EE84C9DC9 /* Frameworks */,
			);
			sourceTree = "<group>";
		};
		FCEC3BE32417941600F0DE03 /* Products */ = {
			isa = PBXGroup;
			children = (
				FCEC3BE22417941600F0DE03 /* DrawBerry.app */,
				FCEC3BF82417941700F0DE03 /* DrawBerryTests.xctest */,
				FCEC3C032417941700F0DE03 /* DrawBerryUITests.xctest */,
			);
			name = Products;
			sourceTree = "<group>";
		};
		FCEC3BE42417941600F0DE03 /* DrawBerry */ = {
			isa = PBXGroup;
			children = (
				FCEC3BE92417941600F0DE03 /* ViewController.swift */,
				3EF004F9241907FB00136234 /* HomeViewController.swift */,
				3E2BDC87241A6224001D8E8A /* UserAuthentication */,
				3E2BDC89241A626B001D8E8A /* Helper */,
				37CE06502418809D0085BE4A /* GameModel */,
				FCEC3BEB2417941600F0DE03 /* Main.storyboard */,
				FCEC3BEE2417941700F0DE03 /* Assets.xcassets */,
				FCEC3BF02417941700F0DE03 /* LaunchScreen.storyboard */,
				FCEC3BF32417941700F0DE03 /* Info.plist */,
				3E2BDC88241A6257001D8E8A /* Supporting Files */,
				1A28DABC2417C8B600CEADB1 /* GoogleService-Info.plist */,
			);
			path = DrawBerry;
			sourceTree = "<group>";
		};
		FCEC3BFB2417941700F0DE03 /* DrawBerryTests */ = {
			isa = PBXGroup;
			children = (
				FCEC3BFC2417941700F0DE03 /* DrawBerryTests.swift */,
				FCEC3BFE2417941700F0DE03 /* Info.plist */,
			);
			path = DrawBerryTests;
			sourceTree = "<group>";
		};
		FCEC3C062417941700F0DE03 /* DrawBerryUITests */ = {
			isa = PBXGroup;
			children = (
				FCEC3C072417941700F0DE03 /* DrawBerryUITests.swift */,
				FCEC3C092417941700F0DE03 /* Info.plist */,
			);
			path = DrawBerryUITests;
			sourceTree = "<group>";
		};
/* End PBXGroup section */

/* Begin PBXNativeTarget section */
		FCEC3BE12417941600F0DE03 /* DrawBerry */ = {
			isa = PBXNativeTarget;
			buildConfigurationList = FCEC3C0C2417941700F0DE03 /* Build configuration list for PBXNativeTarget "DrawBerry" */;
			buildPhases = (
				47579F87E12D9E744FE5306B /* [CP] Check Pods Manifest.lock */,
				FCEC3BDE2417941600F0DE03 /* Sources */,
				FCEC3BDF2417941600F0DE03 /* Frameworks */,
				FCEC3BE02417941600F0DE03 /* Resources */,
				712C2D26C76618A38AA36669 /* [CP] Embed Pods Frameworks */,
			);
			buildRules = (
			);
			dependencies = (
			);
			name = DrawBerry;
			productName = DrawBerry;
			productReference = FCEC3BE22417941600F0DE03 /* DrawBerry.app */;
			productType = "com.apple.product-type.application";
		};
		FCEC3BF72417941700F0DE03 /* DrawBerryTests */ = {
			isa = PBXNativeTarget;
			buildConfigurationList = FCEC3C0F2417941700F0DE03 /* Build configuration list for PBXNativeTarget "DrawBerryTests" */;
			buildPhases = (
				BC3E7847B0AE7989D468F26A /* [CP] Check Pods Manifest.lock */,
				FCEC3BF42417941700F0DE03 /* Sources */,
				FCEC3BF52417941700F0DE03 /* Frameworks */,
				FCEC3BF62417941700F0DE03 /* Resources */,
			);
			buildRules = (
			);
			dependencies = (
				FCEC3BFA2417941700F0DE03 /* PBXTargetDependency */,
			);
			name = DrawBerryTests;
			productName = DrawBerryTests;
			productReference = FCEC3BF82417941700F0DE03 /* DrawBerryTests.xctest */;
			productType = "com.apple.product-type.bundle.unit-test";
		};
		FCEC3C022417941700F0DE03 /* DrawBerryUITests */ = {
			isa = PBXNativeTarget;
			buildConfigurationList = FCEC3C122417941700F0DE03 /* Build configuration list for PBXNativeTarget "DrawBerryUITests" */;
			buildPhases = (
				20513E0962EAB5870DA36F13 /* [CP] Check Pods Manifest.lock */,
				FCEC3BFF2417941700F0DE03 /* Sources */,
				FCEC3C002417941700F0DE03 /* Frameworks */,
				FCEC3C012417941700F0DE03 /* Resources */,
				89569A255367B9ECB50EF6B5 /* [CP] Embed Pods Frameworks */,
			);
			buildRules = (
			);
			dependencies = (
				FCEC3C052417941700F0DE03 /* PBXTargetDependency */,
			);
			name = DrawBerryUITests;
			productName = DrawBerryUITests;
			productReference = FCEC3C032417941700F0DE03 /* DrawBerryUITests.xctest */;
			productType = "com.apple.product-type.bundle.ui-testing";
		};
/* End PBXNativeTarget section */

/* Begin PBXProject section */
		FCEC3BDA2417941600F0DE03 /* Project object */ = {
			isa = PBXProject;
			attributes = {
				LastSwiftUpdateCheck = 1130;
				LastUpgradeCheck = 1130;
				ORGANIZATIONNAME = DrawBerry;
				TargetAttributes = {
					FCEC3BE12417941600F0DE03 = {
						CreatedOnToolsVersion = 11.3.1;
					};
					FCEC3BF72417941700F0DE03 = {
						CreatedOnToolsVersion = 11.3.1;
						TestTargetID = FCEC3BE12417941600F0DE03;
					};
					FCEC3C022417941700F0DE03 = {
						CreatedOnToolsVersion = 11.3.1;
						TestTargetID = FCEC3BE12417941600F0DE03;
					};
				};
			};
			buildConfigurationList = FCEC3BDD2417941600F0DE03 /* Build configuration list for PBXProject "DrawBerry" */;
			compatibilityVersion = "Xcode 9.3";
			developmentRegion = en;
			hasScannedForEncodings = 0;
			knownRegions = (
				en,
				Base,
			);
			mainGroup = FCEC3BD92417941600F0DE03;
			productRefGroup = FCEC3BE32417941600F0DE03 /* Products */;
			projectDirPath = "";
			projectRoot = "";
			targets = (
				FCEC3BE12417941600F0DE03 /* DrawBerry */,
				FCEC3BF72417941700F0DE03 /* DrawBerryTests */,
				FCEC3C022417941700F0DE03 /* DrawBerryUITests */,
			);
		};
/* End PBXProject section */

/* Begin PBXResourcesBuildPhase section */
		FCEC3BE02417941600F0DE03 /* Resources */ = {
			isa = PBXResourcesBuildPhase;
			buildActionMask = 2147483647;
			files = (
				FCEC3BF22417941700F0DE03 /* LaunchScreen.storyboard in Resources */,
				1A28DABD2417C8B600CEADB1 /* GoogleService-Info.plist in Resources */,
				FCEC3BEF2417941700F0DE03 /* Assets.xcassets in Resources */,
				FCEC3BED2417941600F0DE03 /* Main.storyboard in Resources */,
			);
			runOnlyForDeploymentPostprocessing = 0;
		};
		FCEC3BF62417941700F0DE03 /* Resources */ = {
			isa = PBXResourcesBuildPhase;
			buildActionMask = 2147483647;
			files = (
				1A28DABE2417C8B600CEADB1 /* GoogleService-Info.plist in Resources */,
			);
			runOnlyForDeploymentPostprocessing = 0;
		};
		FCEC3C012417941700F0DE03 /* Resources */ = {
			isa = PBXResourcesBuildPhase;
			buildActionMask = 2147483647;
			files = (
				1A28DABF2417C8B600CEADB1 /* GoogleService-Info.plist in Resources */,
			);
			runOnlyForDeploymentPostprocessing = 0;
		};
/* End PBXResourcesBuildPhase section */

/* Begin PBXShellScriptBuildPhase section */
		20513E0962EAB5870DA36F13 /* [CP] Check Pods Manifest.lock */ = {
			isa = PBXShellScriptBuildPhase;
			buildActionMask = 2147483647;
			files = (
			);
			inputFileListPaths = (
			);
			inputPaths = (
				"${PODS_PODFILE_DIR_PATH}/Podfile.lock",
				"${PODS_ROOT}/Manifest.lock",
			);
			name = "[CP] Check Pods Manifest.lock";
			outputFileListPaths = (
			);
			outputPaths = (
				"$(DERIVED_FILE_DIR)/Pods-DrawBerry-DrawBerryUITests-checkManifestLockResult.txt",
			);
			runOnlyForDeploymentPostprocessing = 0;
			shellPath = /bin/sh;
			shellScript = "diff \"${PODS_PODFILE_DIR_PATH}/Podfile.lock\" \"${PODS_ROOT}/Manifest.lock\" > /dev/null\nif [ $? != 0 ] ; then\n    # print error to STDERR\n    echo \"error: The sandbox is not in sync with the Podfile.lock. Run 'pod install' or update your CocoaPods installation.\" >&2\n    exit 1\nfi\n# This output is used by Xcode 'outputs' to avoid re-running this script phase.\necho \"SUCCESS\" > \"${SCRIPT_OUTPUT_FILE_0}\"\n";
			showEnvVarsInLog = 0;
		};
		47579F87E12D9E744FE5306B /* [CP] Check Pods Manifest.lock */ = {
			isa = PBXShellScriptBuildPhase;
			buildActionMask = 2147483647;
			files = (
			);
			inputFileListPaths = (
			);
			inputPaths = (
				"${PODS_PODFILE_DIR_PATH}/Podfile.lock",
				"${PODS_ROOT}/Manifest.lock",
			);
			name = "[CP] Check Pods Manifest.lock";
			outputFileListPaths = (
			);
			outputPaths = (
				"$(DERIVED_FILE_DIR)/Pods-DrawBerry-checkManifestLockResult.txt",
			);
			runOnlyForDeploymentPostprocessing = 0;
			shellPath = /bin/sh;
			shellScript = "diff \"${PODS_PODFILE_DIR_PATH}/Podfile.lock\" \"${PODS_ROOT}/Manifest.lock\" > /dev/null\nif [ $? != 0 ] ; then\n    # print error to STDERR\n    echo \"error: The sandbox is not in sync with the Podfile.lock. Run 'pod install' or update your CocoaPods installation.\" >&2\n    exit 1\nfi\n# This output is used by Xcode 'outputs' to avoid re-running this script phase.\necho \"SUCCESS\" > \"${SCRIPT_OUTPUT_FILE_0}\"\n";
			showEnvVarsInLog = 0;
		};
		712C2D26C76618A38AA36669 /* [CP] Embed Pods Frameworks */ = {
			isa = PBXShellScriptBuildPhase;
			buildActionMask = 2147483647;
			files = (
			);
			inputFileListPaths = (
				"${PODS_ROOT}/Target Support Files/Pods-DrawBerry/Pods-DrawBerry-frameworks-${CONFIGURATION}-input-files.xcfilelist",
			);
			name = "[CP] Embed Pods Frameworks";
			outputFileListPaths = (
				"${PODS_ROOT}/Target Support Files/Pods-DrawBerry/Pods-DrawBerry-frameworks-${CONFIGURATION}-output-files.xcfilelist",
			);
			runOnlyForDeploymentPostprocessing = 0;
			shellPath = /bin/sh;
			shellScript = "\"${PODS_ROOT}/Target Support Files/Pods-DrawBerry/Pods-DrawBerry-frameworks.sh\"\n";
			showEnvVarsInLog = 0;
		};
		89569A255367B9ECB50EF6B5 /* [CP] Embed Pods Frameworks */ = {
			isa = PBXShellScriptBuildPhase;
			buildActionMask = 2147483647;
			files = (
			);
			inputFileListPaths = (
				"${PODS_ROOT}/Target Support Files/Pods-DrawBerry-DrawBerryUITests/Pods-DrawBerry-DrawBerryUITests-frameworks-${CONFIGURATION}-input-files.xcfilelist",
			);
			name = "[CP] Embed Pods Frameworks";
			outputFileListPaths = (
				"${PODS_ROOT}/Target Support Files/Pods-DrawBerry-DrawBerryUITests/Pods-DrawBerry-DrawBerryUITests-frameworks-${CONFIGURATION}-output-files.xcfilelist",
			);
			runOnlyForDeploymentPostprocessing = 0;
			shellPath = /bin/sh;
			shellScript = "\"${PODS_ROOT}/Target Support Files/Pods-DrawBerry-DrawBerryUITests/Pods-DrawBerry-DrawBerryUITests-frameworks.sh\"\n";
			showEnvVarsInLog = 0;
		};
		BC3E7847B0AE7989D468F26A /* [CP] Check Pods Manifest.lock */ = {
			isa = PBXShellScriptBuildPhase;
			buildActionMask = 2147483647;
			files = (
			);
			inputFileListPaths = (
			);
			inputPaths = (
				"${PODS_PODFILE_DIR_PATH}/Podfile.lock",
				"${PODS_ROOT}/Manifest.lock",
			);
			name = "[CP] Check Pods Manifest.lock";
			outputFileListPaths = (
			);
			outputPaths = (
				"$(DERIVED_FILE_DIR)/Pods-DrawBerryTests-checkManifestLockResult.txt",
			);
			runOnlyForDeploymentPostprocessing = 0;
			shellPath = /bin/sh;
			shellScript = "diff \"${PODS_PODFILE_DIR_PATH}/Podfile.lock\" \"${PODS_ROOT}/Manifest.lock\" > /dev/null\nif [ $? != 0 ] ; then\n    # print error to STDERR\n    echo \"error: The sandbox is not in sync with the Podfile.lock. Run 'pod install' or update your CocoaPods installation.\" >&2\n    exit 1\nfi\n# This output is used by Xcode 'outputs' to avoid re-running this script phase.\necho \"SUCCESS\" > \"${SCRIPT_OUTPUT_FILE_0}\"\n";
			showEnvVarsInLog = 0;
		};
/* End PBXShellScriptBuildPhase section */

/* Begin PBXSourcesBuildPhase section */
		FCEC3BDE2417941600F0DE03 /* Sources */ = {
			isa = PBXSourcesBuildPhase;
			buildActionMask = 2147483647;
			files = (
				3EF004F6241906A300136234 /* LoginViewController.swift in Sources */,
				37CE0658241B1E240085BE4A /* Palette.swift in Sources */,
				3EF004F82419071F00136234 /* SignUpViewController.swift in Sources */,
				3EF004FA241907FB00136234 /* HomeViewController.swift in Sources */,
				37CE06532418809D0085BE4A /* BerryCanvas.swift in Sources */,
				FCEC3BEA2417941600F0DE03 /* ViewController.swift in Sources */,
				3EF004FC2419149A00136234 /* Helper.swift in Sources */,
				FCEC3BE62417941600F0DE03 /* AppDelegate.swift in Sources */,
				3E2BDC86241A59C0001D8E8A /* Message.swift in Sources */,
				37CE06542418809D0085BE4A /* Canvas.swift in Sources */,
				FCEC3BE82417941600F0DE03 /* SceneDelegate.swift in Sources */,
			);
			runOnlyForDeploymentPostprocessing = 0;
		};
		FCEC3BF42417941700F0DE03 /* Sources */ = {
			isa = PBXSourcesBuildPhase;
			buildActionMask = 2147483647;
			files = (
				FCEC3BFD2417941700F0DE03 /* DrawBerryTests.swift in Sources */,
			);
			runOnlyForDeploymentPostprocessing = 0;
		};
		FCEC3BFF2417941700F0DE03 /* Sources */ = {
			isa = PBXSourcesBuildPhase;
			buildActionMask = 2147483647;
			files = (
				FCEC3C082417941700F0DE03 /* DrawBerryUITests.swift in Sources */,
			);
			runOnlyForDeploymentPostprocessing = 0;
		};
/* End PBXSourcesBuildPhase section */

/* Begin PBXTargetDependency section */
		FCEC3BFA2417941700F0DE03 /* PBXTargetDependency */ = {
			isa = PBXTargetDependency;
			target = FCEC3BE12417941600F0DE03 /* DrawBerry */;
			targetProxy = FCEC3BF92417941700F0DE03 /* PBXContainerItemProxy */;
		};
		FCEC3C052417941700F0DE03 /* PBXTargetDependency */ = {
			isa = PBXTargetDependency;
			target = FCEC3BE12417941600F0DE03 /* DrawBerry */;
			targetProxy = FCEC3C042417941700F0DE03 /* PBXContainerItemProxy */;
		};
/* End PBXTargetDependency section */

/* Begin PBXVariantGroup section */
		FCEC3BEB2417941600F0DE03 /* Main.storyboard */ = {
			isa = PBXVariantGroup;
			children = (
				FCEC3BEC2417941600F0DE03 /* Base */,
			);
			name = Main.storyboard;
			sourceTree = "<group>";
		};
		FCEC3BF02417941700F0DE03 /* LaunchScreen.storyboard */ = {
			isa = PBXVariantGroup;
			children = (
				FCEC3BF12417941700F0DE03 /* Base */,
			);
			name = LaunchScreen.storyboard;
			sourceTree = "<group>";
		};
/* End PBXVariantGroup section */

/* Begin XCBuildConfiguration section */
		FCEC3C0A2417941700F0DE03 /* Debug */ = {
			isa = XCBuildConfiguration;
			buildSettings = {
				ALWAYS_SEARCH_USER_PATHS = NO;
				CLANG_ANALYZER_NONNULL = YES;
				CLANG_ANALYZER_NUMBER_OBJECT_CONVERSION = YES_AGGRESSIVE;
				CLANG_CXX_LANGUAGE_STANDARD = "gnu++14";
				CLANG_CXX_LIBRARY = "libc++";
				CLANG_ENABLE_MODULES = YES;
				CLANG_ENABLE_OBJC_ARC = YES;
				CLANG_ENABLE_OBJC_WEAK = YES;
				CLANG_WARN_BLOCK_CAPTURE_AUTORELEASING = YES;
				CLANG_WARN_BOOL_CONVERSION = YES;
				CLANG_WARN_COMMA = YES;
				CLANG_WARN_CONSTANT_CONVERSION = YES;
				CLANG_WARN_DEPRECATED_OBJC_IMPLEMENTATIONS = YES;
				CLANG_WARN_DIRECT_OBJC_ISA_USAGE = YES_ERROR;
				CLANG_WARN_DOCUMENTATION_COMMENTS = YES;
				CLANG_WARN_EMPTY_BODY = YES;
				CLANG_WARN_ENUM_CONVERSION = YES;
				CLANG_WARN_INFINITE_RECURSION = YES;
				CLANG_WARN_INT_CONVERSION = YES;
				CLANG_WARN_NON_LITERAL_NULL_CONVERSION = YES;
				CLANG_WARN_OBJC_IMPLICIT_RETAIN_SELF = YES;
				CLANG_WARN_OBJC_LITERAL_CONVERSION = YES;
				CLANG_WARN_OBJC_ROOT_CLASS = YES_ERROR;
				CLANG_WARN_RANGE_LOOP_ANALYSIS = YES;
				CLANG_WARN_STRICT_PROTOTYPES = YES;
				CLANG_WARN_SUSPICIOUS_MOVE = YES;
				CLANG_WARN_UNGUARDED_AVAILABILITY = YES_AGGRESSIVE;
				CLANG_WARN_UNREACHABLE_CODE = YES;
				CLANG_WARN__DUPLICATE_METHOD_MATCH = YES;
				COPY_PHASE_STRIP = NO;
				DEBUG_INFORMATION_FORMAT = dwarf;
				ENABLE_STRICT_OBJC_MSGSEND = YES;
				ENABLE_TESTABILITY = YES;
				GCC_C_LANGUAGE_STANDARD = gnu11;
				GCC_DYNAMIC_NO_PIC = NO;
				GCC_NO_COMMON_BLOCKS = YES;
				GCC_OPTIMIZATION_LEVEL = 0;
				GCC_PREPROCESSOR_DEFINITIONS = (
					"DEBUG=1",
					"$(inherited)",
				);
				GCC_WARN_64_TO_32_BIT_CONVERSION = YES;
				GCC_WARN_ABOUT_RETURN_TYPE = YES_ERROR;
				GCC_WARN_UNDECLARED_SELECTOR = YES;
				GCC_WARN_UNINITIALIZED_AUTOS = YES_AGGRESSIVE;
				GCC_WARN_UNUSED_FUNCTION = YES;
				GCC_WARN_UNUSED_VARIABLE = YES;
				IPHONEOS_DEPLOYMENT_TARGET = 13.2;
				MTL_ENABLE_DEBUG_INFO = INCLUDE_SOURCE;
				MTL_FAST_MATH = YES;
				ONLY_ACTIVE_ARCH = YES;
				SDKROOT = iphoneos;
				SWIFT_ACTIVE_COMPILATION_CONDITIONS = DEBUG;
				SWIFT_OPTIMIZATION_LEVEL = "-Onone";
			};
			name = Debug;
		};
		FCEC3C0B2417941700F0DE03 /* Release */ = {
			isa = XCBuildConfiguration;
			buildSettings = {
				ALWAYS_SEARCH_USER_PATHS = NO;
				CLANG_ANALYZER_NONNULL = YES;
				CLANG_ANALYZER_NUMBER_OBJECT_CONVERSION = YES_AGGRESSIVE;
				CLANG_CXX_LANGUAGE_STANDARD = "gnu++14";
				CLANG_CXX_LIBRARY = "libc++";
				CLANG_ENABLE_MODULES = YES;
				CLANG_ENABLE_OBJC_ARC = YES;
				CLANG_ENABLE_OBJC_WEAK = YES;
				CLANG_WARN_BLOCK_CAPTURE_AUTORELEASING = YES;
				CLANG_WARN_BOOL_CONVERSION = YES;
				CLANG_WARN_COMMA = YES;
				CLANG_WARN_CONSTANT_CONVERSION = YES;
				CLANG_WARN_DEPRECATED_OBJC_IMPLEMENTATIONS = YES;
				CLANG_WARN_DIRECT_OBJC_ISA_USAGE = YES_ERROR;
				CLANG_WARN_DOCUMENTATION_COMMENTS = YES;
				CLANG_WARN_EMPTY_BODY = YES;
				CLANG_WARN_ENUM_CONVERSION = YES;
				CLANG_WARN_INFINITE_RECURSION = YES;
				CLANG_WARN_INT_CONVERSION = YES;
				CLANG_WARN_NON_LITERAL_NULL_CONVERSION = YES;
				CLANG_WARN_OBJC_IMPLICIT_RETAIN_SELF = YES;
				CLANG_WARN_OBJC_LITERAL_CONVERSION = YES;
				CLANG_WARN_OBJC_ROOT_CLASS = YES_ERROR;
				CLANG_WARN_RANGE_LOOP_ANALYSIS = YES;
				CLANG_WARN_STRICT_PROTOTYPES = YES;
				CLANG_WARN_SUSPICIOUS_MOVE = YES;
				CLANG_WARN_UNGUARDED_AVAILABILITY = YES_AGGRESSIVE;
				CLANG_WARN_UNREACHABLE_CODE = YES;
				CLANG_WARN__DUPLICATE_METHOD_MATCH = YES;
				COPY_PHASE_STRIP = NO;
				DEBUG_INFORMATION_FORMAT = "dwarf-with-dsym";
				ENABLE_NS_ASSERTIONS = NO;
				ENABLE_STRICT_OBJC_MSGSEND = YES;
				GCC_C_LANGUAGE_STANDARD = gnu11;
				GCC_NO_COMMON_BLOCKS = YES;
				GCC_WARN_64_TO_32_BIT_CONVERSION = YES;
				GCC_WARN_ABOUT_RETURN_TYPE = YES_ERROR;
				GCC_WARN_UNDECLARED_SELECTOR = YES;
				GCC_WARN_UNINITIALIZED_AUTOS = YES_AGGRESSIVE;
				GCC_WARN_UNUSED_FUNCTION = YES;
				GCC_WARN_UNUSED_VARIABLE = YES;
				IPHONEOS_DEPLOYMENT_TARGET = 13.2;
				MTL_ENABLE_DEBUG_INFO = NO;
				MTL_FAST_MATH = YES;
				SDKROOT = iphoneos;
				SWIFT_COMPILATION_MODE = wholemodule;
				SWIFT_OPTIMIZATION_LEVEL = "-O";
				VALIDATE_PRODUCT = YES;
			};
			name = Release;
		};
		FCEC3C0D2417941700F0DE03 /* Debug */ = {
			isa = XCBuildConfiguration;
			baseConfigurationReference = 3F32A3E67038A82FFC1388CC /* Pods-DrawBerry.debug.xcconfig */;
			buildSettings = {
				ASSETCATALOG_COMPILER_APPICON_NAME = AppIcon;
				CODE_SIGN_STYLE = Automatic;
				INFOPLIST_FILE = DrawBerry/Info.plist;
				LD_RUNPATH_SEARCH_PATHS = (
					"$(inherited)",
					"@executable_path/Frameworks",
				);
				PRODUCT_BUNDLE_IDENTIFIER = com.drawberry.DrawBerry;
				PRODUCT_NAME = "$(TARGET_NAME)";
				SWIFT_VERSION = 5.0;
				TARGETED_DEVICE_FAMILY = "1,2";
			};
			name = Debug;
		};
		FCEC3C0E2417941700F0DE03 /* Release */ = {
			isa = XCBuildConfiguration;
			baseConfigurationReference = 86834A6C22D04E4C8233B63C /* Pods-DrawBerry.release.xcconfig */;
			buildSettings = {
				ASSETCATALOG_COMPILER_APPICON_NAME = AppIcon;
				CODE_SIGN_STYLE = Automatic;
				INFOPLIST_FILE = DrawBerry/Info.plist;
				LD_RUNPATH_SEARCH_PATHS = (
					"$(inherited)",
					"@executable_path/Frameworks",
				);
				PRODUCT_BUNDLE_IDENTIFIER = com.drawberry.DrawBerry;
				PRODUCT_NAME = "$(TARGET_NAME)";
				SWIFT_VERSION = 5.0;
				TARGETED_DEVICE_FAMILY = "1,2";
			};
			name = Release;
		};
		FCEC3C102417941700F0DE03 /* Debug */ = {
			isa = XCBuildConfiguration;
			baseConfigurationReference = 6F180B30F4ED1A69977FEC0D /* Pods-DrawBerryTests.debug.xcconfig */;
			buildSettings = {
				ALWAYS_EMBED_SWIFT_STANDARD_LIBRARIES = YES;
				BUNDLE_LOADER = "$(TEST_HOST)";
				CODE_SIGN_STYLE = Automatic;
				INFOPLIST_FILE = DrawBerryTests/Info.plist;
				IPHONEOS_DEPLOYMENT_TARGET = 13.2;
				LD_RUNPATH_SEARCH_PATHS = (
					"$(inherited)",
					"@executable_path/Frameworks",
					"@loader_path/Frameworks",
				);
				PRODUCT_BUNDLE_IDENTIFIER = com.drawberry.DrawBerryTests;
				PRODUCT_NAME = "$(TARGET_NAME)";
				SWIFT_VERSION = 5.0;
				TARGETED_DEVICE_FAMILY = "1,2";
				TEST_HOST = "$(BUILT_PRODUCTS_DIR)/DrawBerry.app/DrawBerry";
			};
			name = Debug;
		};
		FCEC3C112417941700F0DE03 /* Release */ = {
			isa = XCBuildConfiguration;
			baseConfigurationReference = 51DFAD24D4266887B74A5783 /* Pods-DrawBerryTests.release.xcconfig */;
			buildSettings = {
				ALWAYS_EMBED_SWIFT_STANDARD_LIBRARIES = YES;
				BUNDLE_LOADER = "$(TEST_HOST)";
				CODE_SIGN_STYLE = Automatic;
				INFOPLIST_FILE = DrawBerryTests/Info.plist;
				IPHONEOS_DEPLOYMENT_TARGET = 13.2;
				LD_RUNPATH_SEARCH_PATHS = (
					"$(inherited)",
					"@executable_path/Frameworks",
					"@loader_path/Frameworks",
				);
				PRODUCT_BUNDLE_IDENTIFIER = com.drawberry.DrawBerryTests;
				PRODUCT_NAME = "$(TARGET_NAME)";
				SWIFT_VERSION = 5.0;
				TARGETED_DEVICE_FAMILY = "1,2";
				TEST_HOST = "$(BUILT_PRODUCTS_DIR)/DrawBerry.app/DrawBerry";
			};
			name = Release;
		};
		FCEC3C132417941700F0DE03 /* Debug */ = {
			isa = XCBuildConfiguration;
			baseConfigurationReference = 1F37164A758ACE561C1CAEC7 /* Pods-DrawBerry-DrawBerryUITests.debug.xcconfig */;
			buildSettings = {
				ALWAYS_EMBED_SWIFT_STANDARD_LIBRARIES = YES;
				CODE_SIGN_STYLE = Automatic;
				INFOPLIST_FILE = DrawBerryUITests/Info.plist;
				LD_RUNPATH_SEARCH_PATHS = (
					"$(inherited)",
					"@executable_path/Frameworks",
					"@loader_path/Frameworks",
				);
				PRODUCT_BUNDLE_IDENTIFIER = com.drawberry.DrawBerryUITests;
				PRODUCT_NAME = "$(TARGET_NAME)";
				SWIFT_VERSION = 5.0;
				TARGETED_DEVICE_FAMILY = "1,2";
				TEST_TARGET_NAME = DrawBerry;
			};
			name = Debug;
		};
		FCEC3C142417941700F0DE03 /* Release */ = {
			isa = XCBuildConfiguration;
			baseConfigurationReference = 0512DC0375238871C0778AA1 /* Pods-DrawBerry-DrawBerryUITests.release.xcconfig */;
			buildSettings = {
				ALWAYS_EMBED_SWIFT_STANDARD_LIBRARIES = YES;
				CODE_SIGN_STYLE = Automatic;
				INFOPLIST_FILE = DrawBerryUITests/Info.plist;
				LD_RUNPATH_SEARCH_PATHS = (
					"$(inherited)",
					"@executable_path/Frameworks",
					"@loader_path/Frameworks",
				);
				PRODUCT_BUNDLE_IDENTIFIER = com.drawberry.DrawBerryUITests;
				PRODUCT_NAME = "$(TARGET_NAME)";
				SWIFT_VERSION = 5.0;
				TARGETED_DEVICE_FAMILY = "1,2";
				TEST_TARGET_NAME = DrawBerry;
			};
			name = Release;
		};
/* End XCBuildConfiguration section */

/* Begin XCConfigurationList section */
		FCEC3BDD2417941600F0DE03 /* Build configuration list for PBXProject "DrawBerry" */ = {
			isa = XCConfigurationList;
			buildConfigurations = (
				FCEC3C0A2417941700F0DE03 /* Debug */,
				FCEC3C0B2417941700F0DE03 /* Release */,
			);
			defaultConfigurationIsVisible = 0;
			defaultConfigurationName = Release;
		};
		FCEC3C0C2417941700F0DE03 /* Build configuration list for PBXNativeTarget "DrawBerry" */ = {
			isa = XCConfigurationList;
			buildConfigurations = (
				FCEC3C0D2417941700F0DE03 /* Debug */,
				FCEC3C0E2417941700F0DE03 /* Release */,
			);
			defaultConfigurationIsVisible = 0;
			defaultConfigurationName = Release;
		};
		FCEC3C0F2417941700F0DE03 /* Build configuration list for PBXNativeTarget "DrawBerryTests" */ = {
			isa = XCConfigurationList;
			buildConfigurations = (
				FCEC3C102417941700F0DE03 /* Debug */,
				FCEC3C112417941700F0DE03 /* Release */,
			);
			defaultConfigurationIsVisible = 0;
			defaultConfigurationName = Release;
		};
		FCEC3C122417941700F0DE03 /* Build configuration list for PBXNativeTarget "DrawBerryUITests" */ = {
			isa = XCConfigurationList;
			buildConfigurations = (
				FCEC3C132417941700F0DE03 /* Debug */,
				FCEC3C142417941700F0DE03 /* Release */,
			);
			defaultConfigurationIsVisible = 0;
			defaultConfigurationName = Release;
		};
/* End XCConfigurationList section */
	};
	rootObject = FCEC3BDA2417941600F0DE03 /* Project object */;
}
