// !$*UTF8*$!
{
	archiveVersion = 1;
	classes = {
	};
	objectVersion = 51;
	objects = {

/* Begin PBXBuildFile section */
		1A000ED72422208C007FDB32 /* GameRoomStatus.swift in Sources */ = {isa = PBXBuildFile; fileRef = 1A000ED62422208C007FDB32 /* GameRoomStatus.swift */; };
		1A000ED924222AE4007FDB32 /* ClassicPlayer.swift in Sources */ = {isa = PBXBuildFile; fileRef = 1A000ED824222AE4007FDB32 /* ClassicPlayer.swift */; };
		1A000EDB24222AF4007FDB32 /* ClassicGame.swift in Sources */ = {isa = PBXBuildFile; fileRef = 1A000EDA24222AF4007FDB32 /* ClassicGame.swift */; };
		1A28DABD2417C8B600CEADB1 /* GoogleService-Info.plist in Resources */ = {isa = PBXBuildFile; fileRef = 1A28DABC2417C8B600CEADB1 /* GoogleService-Info.plist */; };
		1A28DABE2417C8B600CEADB1 /* GoogleService-Info.plist in Resources */ = {isa = PBXBuildFile; fileRef = 1A28DABC2417C8B600CEADB1 /* GoogleService-Info.plist */; };
		1A28DABF2417C8B600CEADB1 /* GoogleService-Info.plist in Resources */ = {isa = PBXBuildFile; fileRef = 1A28DABC2417C8B600CEADB1 /* GoogleService-Info.plist */; };
		1A3920F82425BF1D00847E72 /* GameRoomTests.swift in Sources */ = {isa = PBXBuildFile; fileRef = 1A3920F72425BF1D00847E72 /* GameRoomTests.swift */; };
		1A3920FA2425BF6700847E72 /* RoomPlayerTests.swift in Sources */ = {isa = PBXBuildFile; fileRef = 1A3920F92425BF6700847E72 /* RoomPlayerTests.swift */; };
		1A3A9F7D2423C35200C417AC /* ClassicGameDelegate.swift in Sources */ = {isa = PBXBuildFile; fileRef = 1A3A9F7C2423C35200C417AC /* ClassicGameDelegate.swift */; };
		1A3ACB8624227948007FA27C /* VotingViewController.swift in Sources */ = {isa = PBXBuildFile; fileRef = 1A3ACB8524227948007FA27C /* VotingViewController.swift */; };
		1A3F399A2421C0FB0084859F /* Player.swift in Sources */ = {isa = PBXBuildFile; fileRef = 1A3F39992421C0FB0084859F /* Player.swift */; };
		1A432BD4241FB2E10097A14F /* RoomPlayer.swift in Sources */ = {isa = PBXBuildFile; fileRef = 1A432BD3241FB2E00097A14F /* RoomPlayer.swift */; };
		1A432BD6241FB30A0097A14F /* GameRoom.swift in Sources */ = {isa = PBXBuildFile; fileRef = 1A432BD5241FB30A0097A14F /* GameRoom.swift */; };
		1A432BD8241FB6240097A14F /* GameRoomViewController.swift in Sources */ = {isa = PBXBuildFile; fileRef = 1A432BD7241FB6240097A14F /* GameRoomViewController.swift */; };
		1A432BDA241FBA540097A14F /* EnterRoomViewController.swift in Sources */ = {isa = PBXBuildFile; fileRef = 1A432BD9241FBA540097A14F /* EnterRoomViewController.swift */; };
		1A432BDD241FC5DF0097A14F /* NetworkHelper.swift in Sources */ = {isa = PBXBuildFile; fileRef = 1A432BDC241FC5DF0097A14F /* NetworkHelper.swift */; };
		1A432BDF241FC6AC0097A14F /* RoomNetworkAdapter.swift in Sources */ = {isa = PBXBuildFile; fileRef = 1A432BDE241FC6AC0097A14F /* RoomNetworkAdapter.swift */; };
		1A4C5F252422619500937244 /* ClassicGameNetworkAdapter.swift in Sources */ = {isa = PBXBuildFile; fileRef = 1A4C5F242422619500937244 /* ClassicGameNetworkAdapter.swift */; };
		1A6C69232425C811005E6D45 /* ClassicPlayerTests.swift in Sources */ = {isa = PBXBuildFile; fileRef = 1A6C69222425C811005E6D45 /* ClassicPlayerTests.swift */; };
		1A6C69272425CE19005E6D45 /* ClassicGameTests.swift in Sources */ = {isa = PBXBuildFile; fileRef = 1A6C69262425CE19005E6D45 /* ClassicGameTests.swift */; };
		1AD5ADD42421F276003B23C9 /* GameRoomDelegate.swift in Sources */ = {isa = PBXBuildFile; fileRef = 1AD5ADD32421F275003B23C9 /* GameRoomDelegate.swift */; };
		3749D39D2425ABD400CE798F /* Palette.swift in Sources */ = {isa = PBXBuildFile; fileRef = 3749D39C2425ABD400CE798F /* Palette.swift */; };
		3749D39E2425DFF400CE798F /* Palette.swift in Sources */ = {isa = PBXBuildFile; fileRef = 3749D39C2425ABD400CE798F /* Palette.swift */; };
		3749D39F2425E2F100CE798F /* RoomNetworkAdapter.swift in Sources */ = {isa = PBXBuildFile; fileRef = 1A432BDE241FC6AC0097A14F /* RoomNetworkAdapter.swift */; };
		3749D3A02425E38000CE798F /* GameRoomStatus.swift in Sources */ = {isa = PBXBuildFile; fileRef = 1A000ED62422208C007FDB32 /* GameRoomStatus.swift */; };
		3749D3A12425E38200CE798F /* RoomPlayer.swift in Sources */ = {isa = PBXBuildFile; fileRef = 1A432BD3241FB2E00097A14F /* RoomPlayer.swift */; };
		3749D3A22425E38500CE798F /* GameRoom.swift in Sources */ = {isa = PBXBuildFile; fileRef = 1A432BD5241FB30A0097A14F /* GameRoom.swift */; };
		3749D3A32425E38D00CE798F /* NetworkHelper.swift in Sources */ = {isa = PBXBuildFile; fileRef = 1A432BDC241FC5DF0097A14F /* NetworkHelper.swift */; };
		3749D3A42425E3A900CE798F /* Player.swift in Sources */ = {isa = PBXBuildFile; fileRef = 1A3F39992421C0FB0084859F /* Player.swift */; };
		3749D3A52425E3AD00CE798F /* GameRoomDelegate.swift in Sources */ = {isa = PBXBuildFile; fileRef = 1AD5ADD32421F275003B23C9 /* GameRoomDelegate.swift */; };
		3749D3A62425E7A800CE798F /* CanvasDelegateViewController.swift in Sources */ = {isa = PBXBuildFile; fileRef = 379EE01D24230909005257E1 /* CanvasDelegateViewController.swift */; };
		3749D3AA2425F00500CE798F /* UIImageExtension.swift in Sources */ = {isa = PBXBuildFile; fileRef = 3749D3A92425F00500CE798F /* UIImageExtension.swift */; };
		3749D3AB2425F0B200CE798F /* UIImageExtension.swift in Sources */ = {isa = PBXBuildFile; fileRef = 3749D3A92425F00500CE798F /* UIImageExtension.swift */; };
		3749D3AD2425F14A00CE798F /* UIImageViewExtension.swift in Sources */ = {isa = PBXBuildFile; fileRef = 3749D3AC2425F14A00CE798F /* UIImageViewExtension.swift */; };
		3749D3AE2425F1D100CE798F /* UIImageViewExtension.swift in Sources */ = {isa = PBXBuildFile; fileRef = 3749D3AC2425F14A00CE798F /* UIImageViewExtension.swift */; };
		3749D3B0242608D400CE798F /* BerryCanvasTest.swift in Sources */ = {isa = PBXBuildFile; fileRef = 3749D3AF242608D400CE798F /* BerryCanvasTest.swift */; };
		3749D3B12426092A00CE798F /* CanvasDelegate.swift in Sources */ = {isa = PBXBuildFile; fileRef = 37CE0661241FC1120085BE4A /* CanvasDelegate.swift */; };
		3749D3B32426092E00CE798F /* Palette.swift in Sources */ = {isa = PBXBuildFile; fileRef = 3749D39C2425ABD400CE798F /* Palette.swift */; };
		3749D3B42426093000CE798F /* BerryPalette.swift in Sources */ = {isa = PBXBuildFile; fileRef = 37CE0657241B1E240085BE4A /* BerryPalette.swift */; };
		3749D3B52426093300CE798F /* Stroke.swift in Sources */ = {isa = PBXBuildFile; fileRef = 379EE021242455AC005257E1 /* Stroke.swift */; };
		3749D3B62426093500CE798F /* PaletteObserver.swift in Sources */ = {isa = PBXBuildFile; fileRef = 379EE01B24230283005257E1 /* PaletteObserver.swift */; };
		3749D3B72426096100CE798F /* BerryCanvas.swift in Sources */ = {isa = PBXBuildFile; fileRef = 37CE06512418809D0085BE4A /* BerryCanvas.swift */; };
		3749D3B82426098E00CE798F /* InkView.swift in Sources */ = {isa = PBXBuildFile; fileRef = 37CE065D241E1BF20085BE4A /* InkView.swift */; };
		3749D3B92426099000CE798F /* StrokeView.swift in Sources */ = {isa = PBXBuildFile; fileRef = 379EE01F2424556E005257E1 /* StrokeView.swift */; };
		3749D3BA2426099600CE798F /* BerryConstants.swift in Sources */ = {isa = PBXBuildFile; fileRef = 37CE065B241E19850085BE4A /* BerryConstants.swift */; };
		3749D3BB242614F800CE798F /* Canvas.swift in Sources */ = {isa = PBXBuildFile; fileRef = 37CE06522418809D0085BE4A /* Canvas.swift */; };
		379EE014242210E8005257E1 /* ClassicGameUITest.swift in Sources */ = {isa = PBXBuildFile; fileRef = 379EE013242210E8005257E1 /* ClassicGameUITest.swift */; };
		379EE01C24230283005257E1 /* PaletteObserver.swift in Sources */ = {isa = PBXBuildFile; fileRef = 379EE01B24230283005257E1 /* PaletteObserver.swift */; };
		379EE01E24230909005257E1 /* CanvasDelegateViewController.swift in Sources */ = {isa = PBXBuildFile; fileRef = 379EE01D24230909005257E1 /* CanvasDelegateViewController.swift */; };
		379EE0202424556E005257E1 /* StrokeView.swift in Sources */ = {isa = PBXBuildFile; fileRef = 379EE01F2424556E005257E1 /* StrokeView.swift */; };
		379EE022242455AC005257E1 /* Stroke.swift in Sources */ = {isa = PBXBuildFile; fileRef = 379EE021242455AC005257E1 /* Stroke.swift */; };
		379EE0232424908E005257E1 /* BerryCanvas.swift in Sources */ = {isa = PBXBuildFile; fileRef = 37CE06512418809D0085BE4A /* BerryCanvas.swift */; };
		379EE02424249144005257E1 /* CanvasDelegate.swift in Sources */ = {isa = PBXBuildFile; fileRef = 37CE0661241FC1120085BE4A /* CanvasDelegate.swift */; };
		379EE02524249150005257E1 /* BerryPalette.swift in Sources */ = {isa = PBXBuildFile; fileRef = 37CE0657241B1E240085BE4A /* BerryPalette.swift */; };
		379EE02624249152005257E1 /* Stroke.swift in Sources */ = {isa = PBXBuildFile; fileRef = 379EE021242455AC005257E1 /* Stroke.swift */; };
		379EE02724249158005257E1 /* BerryConstants.swift in Sources */ = {isa = PBXBuildFile; fileRef = 37CE065B241E19850085BE4A /* BerryConstants.swift */; };
		379EE02824249170005257E1 /* PaletteObserver.swift in Sources */ = {isa = PBXBuildFile; fileRef = 379EE01B24230283005257E1 /* PaletteObserver.swift */; };
		379EE02A24249185005257E1 /* InkView.swift in Sources */ = {isa = PBXBuildFile; fileRef = 37CE065D241E1BF20085BE4A /* InkView.swift */; };
		379EE02B24249187005257E1 /* StrokeView.swift in Sources */ = {isa = PBXBuildFile; fileRef = 379EE01F2424556E005257E1 /* StrokeView.swift */; };
		37CE06532418809D0085BE4A /* BerryCanvas.swift in Sources */ = {isa = PBXBuildFile; fileRef = 37CE06512418809D0085BE4A /* BerryCanvas.swift */; };
		37CE06542418809D0085BE4A /* Canvas.swift in Sources */ = {isa = PBXBuildFile; fileRef = 37CE06522418809D0085BE4A /* Canvas.swift */; };
		37CE065C241E19850085BE4A /* BerryConstants.swift in Sources */ = {isa = PBXBuildFile; fileRef = 37CE065B241E19850085BE4A /* BerryConstants.swift */; };
		37CE065E241E1BF20085BE4A /* InkView.swift in Sources */ = {isa = PBXBuildFile; fileRef = 37CE065D241E1BF20085BE4A /* InkView.swift */; };
		37CE0662241FC1120085BE4A /* CanvasDelegate.swift in Sources */ = {isa = PBXBuildFile; fileRef = 37CE0661241FC1120085BE4A /* CanvasDelegate.swift */; };
		3E2837DC2425BBB7001BAA2F /* Constants.swift in Sources */ = {isa = PBXBuildFile; fileRef = 3E2837DB2425BBB7001BAA2F /* Constants.swift */; };
		3E2837DE2425C51E001BAA2F /* Authentication.swift in Sources */ = {isa = PBXBuildFile; fileRef = 3E2837DD2425C51E001BAA2F /* Authentication.swift */; };
		3E2BDC86241A59C0001D8E8A /* Message.swift in Sources */ = {isa = PBXBuildFile; fileRef = 3E2BDC85241A59C0001D8E8A /* Message.swift */; };
		3EA22E202425F6B50065C426 /* AuthenticationUpdateDelegate.swift in Sources */ = {isa = PBXBuildFile; fileRef = 3EA22E1F2425F6B50065C426 /* AuthenticationUpdateDelegate.swift */; };
		3EA22E222425FF210065C426 /* AuthenticationTests.swift in Sources */ = {isa = PBXBuildFile; fileRef = 3EA22E212425FF210065C426 /* AuthenticationTests.swift */; };
		3EF004F6241906A300136234 /* LoginViewController.swift in Sources */ = {isa = PBXBuildFile; fileRef = 3EF004F5241906A300136234 /* LoginViewController.swift */; };
		3EF004F82419071F00136234 /* SignUpViewController.swift in Sources */ = {isa = PBXBuildFile; fileRef = 3EF004F72419071F00136234 /* SignUpViewController.swift */; };
		3EF004FA241907FB00136234 /* HomeViewController.swift in Sources */ = {isa = PBXBuildFile; fileRef = 3EF004F9241907FB00136234 /* HomeViewController.swift */; };
		3EF004FC2419149A00136234 /* StringHelper.swift in Sources */ = {isa = PBXBuildFile; fileRef = 3EF004FB2419149A00136234 /* StringHelper.swift */; };
		7077775E169D994ED78C9B28 /* Pods_DrawBerry_DrawBerryUITests.framework in Frameworks */ = {isa = PBXBuildFile; fileRef = FF7B86EB6DA88700E93D9971 /* Pods_DrawBerry_DrawBerryUITests.framework */; };
		93DAF243E97405D78CF30A21 /* Pods_DrawBerryTests.framework in Frameworks */ = {isa = PBXBuildFile; fileRef = 14E717231FA04EC0E07B9DFF /* Pods_DrawBerryTests.framework */; };
		B5BF19E44604DE25EE903483 /* Pods_DrawBerry.framework in Frameworks */ = {isa = PBXBuildFile; fileRef = 283B7AA32B517C3468FBBF24 /* Pods_DrawBerry.framework */; };
		FC08299F2425F8F700251AB4 /* CompetitiveGameTests.swift in Sources */ = {isa = PBXBuildFile; fileRef = FC08299E2425F8F700251AB4 /* CompetitiveGameTests.swift */; };
		FC1D8D6B2421CE5600370EC4 /* PowerupAssets.swift in Sources */ = {isa = PBXBuildFile; fileRef = FC1D8D6A2421CE5600370EC4 /* PowerupAssets.swift */; };
		FC1D8D6D2421FEFD00370EC4 /* PowerupView.swift in Sources */ = {isa = PBXBuildFile; fileRef = FC1D8D6C2421FEFD00370EC4 /* PowerupView.swift */; };
		FC4271BB241E81DE00AF8A3A /* BerryPalette.swift in Sources */ = {isa = PBXBuildFile; fileRef = 37CE0657241B1E240085BE4A /* BerryPalette.swift */; };
		FC488980241C79FD00375140 /* CompetitivePlayer.swift in Sources */ = {isa = PBXBuildFile; fileRef = FC48897F241C79FD00375140 /* CompetitivePlayer.swift */; };
		FC488982241C7A8B00375140 /* CompetitiveGame.swift in Sources */ = {isa = PBXBuildFile; fileRef = FC488981241C7A8B00375140 /* CompetitiveGame.swift */; };
		FC488988241C7C4D00375140 /* CompetitiveViewController.swift in Sources */ = {isa = PBXBuildFile; fileRef = FC488987241C7C4D00375140 /* CompetitiveViewController.swift */; };
		FC59CA3D241E0A10004D50EF /* Powerup.swift in Sources */ = {isa = PBXBuildFile; fileRef = FC59CA3C241E0A10004D50EF /* Powerup.swift */; };
		FC59CA40241E0BDF004D50EF /* PowerupManager.swift in Sources */ = {isa = PBXBuildFile; fileRef = FC59CA3F241E0BDF004D50EF /* PowerupManager.swift */; };
		FC59CA42241E10EC004D50EF /* ExtraStrokePowerup.swift in Sources */ = {isa = PBXBuildFile; fileRef = FC59CA41241E10EC004D50EF /* ExtraStrokePowerup.swift */; };
		FC59CA46241E18C9004D50EF /* ChangeAlphaPowerup.swift in Sources */ = {isa = PBXBuildFile; fileRef = FC59CA45241E18C9004D50EF /* ChangeAlphaPowerup.swift */; };
		FC8D95DE24236FFE00D7A563 /* InkSplotchPowerup.swift in Sources */ = {isa = PBXBuildFile; fileRef = FC8D95DD24236FFE00D7A563 /* InkSplotchPowerup.swift */; };
		FCA298552425FA2C00AE1A83 /* PowerupManagerTests.swift in Sources */ = {isa = PBXBuildFile; fileRef = FCA298542425FA2C00AE1A83 /* PowerupManagerTests.swift */; };
		FCA298572425FA5100AE1A83 /* CompetitivePlayerTests.swift in Sources */ = {isa = PBXBuildFile; fileRef = FCA298562425FA5100AE1A83 /* CompetitivePlayerTests.swift */; };
		FCA298592426161300AE1A83 /* StringHelperTest.swift in Sources */ = {isa = PBXBuildFile; fileRef = FCA298582426161300AE1A83 /* StringHelperTest.swift */; };
		FCA2985A2426179F00AE1A83 /* Canvas.swift in Sources */ = {isa = PBXBuildFile; fileRef = 37CE06522418809D0085BE4A /* Canvas.swift */; };
		FCA2985B2426195000AE1A83 /* CompetitivePlayer.swift in Sources */ = {isa = PBXBuildFile; fileRef = FC48897F241C79FD00375140 /* CompetitivePlayer.swift */; };
		FCA2985C2426195500AE1A83 /* CompetitiveGame.swift in Sources */ = {isa = PBXBuildFile; fileRef = FC488981241C7A8B00375140 /* CompetitiveGame.swift */; };
		FCA298632426196400AE1A83 /* Powerup.swift in Sources */ = {isa = PBXBuildFile; fileRef = FC59CA3C241E0A10004D50EF /* Powerup.swift */; };
		FCA298642426196400AE1A83 /* PowerupManager.swift in Sources */ = {isa = PBXBuildFile; fileRef = FC59CA3F241E0BDF004D50EF /* PowerupManager.swift */; };
		FCA298652426196400AE1A83 /* ExtraStrokePowerup.swift in Sources */ = {isa = PBXBuildFile; fileRef = FC59CA41241E10EC004D50EF /* ExtraStrokePowerup.swift */; };
		FCA298662426196400AE1A83 /* ChangeAlphaPowerup.swift in Sources */ = {isa = PBXBuildFile; fileRef = FC59CA45241E18C9004D50EF /* ChangeAlphaPowerup.swift */; };
		FCA298672426196400AE1A83 /* PowerupAssets.swift in Sources */ = {isa = PBXBuildFile; fileRef = FC1D8D6A2421CE5600370EC4 /* PowerupAssets.swift */; };
		FCA298682426196400AE1A83 /* InkSplotchPowerup.swift in Sources */ = {isa = PBXBuildFile; fileRef = FC8D95DD24236FFE00D7A563 /* InkSplotchPowerup.swift */; };
		FCA298692426196A00AE1A83 /* Player.swift in Sources */ = {isa = PBXBuildFile; fileRef = 1A3F39992421C0FB0084859F /* Player.swift */; };
		FCC7F3E92421CA690096F934 /* CompetitiveView.swift in Sources */ = {isa = PBXBuildFile; fileRef = FCC7F3E82421CA690096F934 /* CompetitiveView.swift */; };
		FCEC3BE62417941600F0DE03 /* AppDelegate.swift in Sources */ = {isa = PBXBuildFile; fileRef = FCEC3BE52417941600F0DE03 /* AppDelegate.swift */; };
		FCEC3BE82417941600F0DE03 /* SceneDelegate.swift in Sources */ = {isa = PBXBuildFile; fileRef = FCEC3BE72417941600F0DE03 /* SceneDelegate.swift */; };
		FCEC3BEA2417941600F0DE03 /* ClassicViewController.swift in Sources */ = {isa = PBXBuildFile; fileRef = FCEC3BE92417941600F0DE03 /* ClassicViewController.swift */; };
		FCEC3BED2417941600F0DE03 /* Main.storyboard in Resources */ = {isa = PBXBuildFile; fileRef = FCEC3BEB2417941600F0DE03 /* Main.storyboard */; };
		FCEC3BEF2417941700F0DE03 /* Assets.xcassets in Resources */ = {isa = PBXBuildFile; fileRef = FCEC3BEE2417941700F0DE03 /* Assets.xcassets */; };
		FCEC3BF22417941700F0DE03 /* LaunchScreen.storyboard in Resources */ = {isa = PBXBuildFile; fileRef = FCEC3BF02417941700F0DE03 /* LaunchScreen.storyboard */; };
		FCEC3BFD2417941700F0DE03 /* DrawBerryTests.swift in Sources */ = {isa = PBXBuildFile; fileRef = FCEC3BFC2417941700F0DE03 /* DrawBerryTests.swift */; };
		FCEC3C082417941700F0DE03 /* DrawBerryUITests.swift in Sources */ = {isa = PBXBuildFile; fileRef = FCEC3C072417941700F0DE03 /* DrawBerryUITests.swift */; };
/* End PBXBuildFile section */

/* Begin PBXContainerItemProxy section */
		FCEC3BF92417941700F0DE03 /* PBXContainerItemProxy */ = {
			isa = PBXContainerItemProxy;
			containerPortal = FCEC3BDA2417941600F0DE03 /* Project object */;
			proxyType = 1;
			remoteGlobalIDString = FCEC3BE12417941600F0DE03;
			remoteInfo = DrawBerry;
		};
		FCEC3C042417941700F0DE03 /* PBXContainerItemProxy */ = {
			isa = PBXContainerItemProxy;
			containerPortal = FCEC3BDA2417941600F0DE03 /* Project object */;
			proxyType = 1;
			remoteGlobalIDString = FCEC3BE12417941600F0DE03;
			remoteInfo = DrawBerry;
		};
/* End PBXContainerItemProxy section */

/* Begin PBXFileReference section */
		0512DC0375238871C0778AA1 /* Pods-DrawBerry-DrawBerryUITests.release.xcconfig */ = {isa = PBXFileReference; includeInIndex = 1; lastKnownFileType = text.xcconfig; name = "Pods-DrawBerry-DrawBerryUITests.release.xcconfig"; path = "Target Support Files/Pods-DrawBerry-DrawBerryUITests/Pods-DrawBerry-DrawBerryUITests.release.xcconfig"; sourceTree = "<group>"; };
		14E717231FA04EC0E07B9DFF /* Pods_DrawBerryTests.framework */ = {isa = PBXFileReference; explicitFileType = wrapper.framework; includeInIndex = 0; path = Pods_DrawBerryTests.framework; sourceTree = BUILT_PRODUCTS_DIR; };
		1A000ED62422208C007FDB32 /* GameRoomStatus.swift */ = {isa = PBXFileReference; lastKnownFileType = sourcecode.swift; path = GameRoomStatus.swift; sourceTree = "<group>"; };
		1A000ED824222AE4007FDB32 /* ClassicPlayer.swift */ = {isa = PBXFileReference; lastKnownFileType = sourcecode.swift; path = ClassicPlayer.swift; sourceTree = "<group>"; };
		1A000EDA24222AF4007FDB32 /* ClassicGame.swift */ = {isa = PBXFileReference; lastKnownFileType = sourcecode.swift; path = ClassicGame.swift; sourceTree = "<group>"; };
		1A28DABC2417C8B600CEADB1 /* GoogleService-Info.plist */ = {isa = PBXFileReference; fileEncoding = 4; lastKnownFileType = text.plist.xml; path = "GoogleService-Info.plist"; sourceTree = "<group>"; };
		1A3920F72425BF1D00847E72 /* GameRoomTests.swift */ = {isa = PBXFileReference; lastKnownFileType = sourcecode.swift; path = GameRoomTests.swift; sourceTree = "<group>"; };
		1A3920F92425BF6700847E72 /* RoomPlayerTests.swift */ = {isa = PBXFileReference; lastKnownFileType = sourcecode.swift; path = RoomPlayerTests.swift; sourceTree = "<group>"; };
		1A3A9F7C2423C35200C417AC /* ClassicGameDelegate.swift */ = {isa = PBXFileReference; lastKnownFileType = sourcecode.swift; path = ClassicGameDelegate.swift; sourceTree = "<group>"; };
		1A3ACB8524227948007FA27C /* VotingViewController.swift */ = {isa = PBXFileReference; lastKnownFileType = sourcecode.swift; path = VotingViewController.swift; sourceTree = "<group>"; };
		1A3F39992421C0FB0084859F /* Player.swift */ = {isa = PBXFileReference; lastKnownFileType = sourcecode.swift; path = Player.swift; sourceTree = "<group>"; };
		1A432BD3241FB2E00097A14F /* RoomPlayer.swift */ = {isa = PBXFileReference; lastKnownFileType = sourcecode.swift; path = RoomPlayer.swift; sourceTree = "<group>"; };
		1A432BD5241FB30A0097A14F /* GameRoom.swift */ = {isa = PBXFileReference; lastKnownFileType = sourcecode.swift; path = GameRoom.swift; sourceTree = "<group>"; };
		1A432BD7241FB6240097A14F /* GameRoomViewController.swift */ = {isa = PBXFileReference; lastKnownFileType = sourcecode.swift; path = GameRoomViewController.swift; sourceTree = "<group>"; };
		1A432BD9241FBA540097A14F /* EnterRoomViewController.swift */ = {isa = PBXFileReference; lastKnownFileType = sourcecode.swift; path = EnterRoomViewController.swift; sourceTree = "<group>"; };
		1A432BDC241FC5DF0097A14F /* NetworkHelper.swift */ = {isa = PBXFileReference; lastKnownFileType = sourcecode.swift; path = NetworkHelper.swift; sourceTree = "<group>"; };
		1A432BDE241FC6AC0097A14F /* RoomNetworkAdapter.swift */ = {isa = PBXFileReference; lastKnownFileType = sourcecode.swift; path = RoomNetworkAdapter.swift; sourceTree = "<group>"; };
		1A4C5F242422619500937244 /* ClassicGameNetworkAdapter.swift */ = {isa = PBXFileReference; lastKnownFileType = sourcecode.swift; path = ClassicGameNetworkAdapter.swift; sourceTree = "<group>"; };
		1A6C69222425C811005E6D45 /* ClassicPlayerTests.swift */ = {isa = PBXFileReference; lastKnownFileType = sourcecode.swift; path = ClassicPlayerTests.swift; sourceTree = "<group>"; };
		1A6C69262425CE19005E6D45 /* ClassicGameTests.swift */ = {isa = PBXFileReference; lastKnownFileType = sourcecode.swift; path = ClassicGameTests.swift; sourceTree = "<group>"; };
		1AD5ADD32421F275003B23C9 /* GameRoomDelegate.swift */ = {isa = PBXFileReference; lastKnownFileType = sourcecode.swift; path = GameRoomDelegate.swift; sourceTree = "<group>"; };
		1F37164A758ACE561C1CAEC7 /* Pods-DrawBerry-DrawBerryUITests.debug.xcconfig */ = {isa = PBXFileReference; includeInIndex = 1; lastKnownFileType = text.xcconfig; name = "Pods-DrawBerry-DrawBerryUITests.debug.xcconfig"; path = "Target Support Files/Pods-DrawBerry-DrawBerryUITests/Pods-DrawBerry-DrawBerryUITests.debug.xcconfig"; sourceTree = "<group>"; };
		283B7AA32B517C3468FBBF24 /* Pods_DrawBerry.framework */ = {isa = PBXFileReference; explicitFileType = wrapper.framework; includeInIndex = 0; path = Pods_DrawBerry.framework; sourceTree = BUILT_PRODUCTS_DIR; };
		3749D39C2425ABD400CE798F /* Palette.swift */ = {isa = PBXFileReference; lastKnownFileType = sourcecode.swift; path = Palette.swift; sourceTree = "<group>"; };
		3749D3A92425F00500CE798F /* UIImageExtension.swift */ = {isa = PBXFileReference; lastKnownFileType = sourcecode.swift; path = UIImageExtension.swift; sourceTree = "<group>"; };
		3749D3AC2425F14A00CE798F /* UIImageViewExtension.swift */ = {isa = PBXFileReference; lastKnownFileType = sourcecode.swift; path = UIImageViewExtension.swift; sourceTree = "<group>"; };
		3749D3AF242608D400CE798F /* BerryCanvasTest.swift */ = {isa = PBXFileReference; lastKnownFileType = sourcecode.swift; path = BerryCanvasTest.swift; sourceTree = "<group>"; };
		379EE013242210E8005257E1 /* ClassicGameUITest.swift */ = {isa = PBXFileReference; lastKnownFileType = sourcecode.swift; path = ClassicGameUITest.swift; sourceTree = "<group>"; };
		379EE01B24230283005257E1 /* PaletteObserver.swift */ = {isa = PBXFileReference; lastKnownFileType = sourcecode.swift; path = PaletteObserver.swift; sourceTree = "<group>"; };
		379EE01D24230909005257E1 /* CanvasDelegateViewController.swift */ = {isa = PBXFileReference; lastKnownFileType = sourcecode.swift; path = CanvasDelegateViewController.swift; sourceTree = "<group>"; };
		379EE01F2424556E005257E1 /* StrokeView.swift */ = {isa = PBXFileReference; lastKnownFileType = sourcecode.swift; path = StrokeView.swift; sourceTree = "<group>"; };
		379EE021242455AC005257E1 /* Stroke.swift */ = {isa = PBXFileReference; lastKnownFileType = sourcecode.swift; path = Stroke.swift; sourceTree = "<group>"; };
		37CE06512418809D0085BE4A /* BerryCanvas.swift */ = {isa = PBXFileReference; fileEncoding = 4; lastKnownFileType = sourcecode.swift; path = BerryCanvas.swift; sourceTree = "<group>"; };
		37CE06522418809D0085BE4A /* Canvas.swift */ = {isa = PBXFileReference; fileEncoding = 4; lastKnownFileType = sourcecode.swift; path = Canvas.swift; sourceTree = "<group>"; };
		37CE0657241B1E240085BE4A /* BerryPalette.swift */ = {isa = PBXFileReference; lastKnownFileType = sourcecode.swift; path = BerryPalette.swift; sourceTree = "<group>"; };
		37CE065B241E19850085BE4A /* BerryConstants.swift */ = {isa = PBXFileReference; lastKnownFileType = sourcecode.swift; path = BerryConstants.swift; sourceTree = "<group>"; };
		37CE065D241E1BF20085BE4A /* InkView.swift */ = {isa = PBXFileReference; lastKnownFileType = sourcecode.swift; path = InkView.swift; sourceTree = "<group>"; };
		37CE0661241FC1120085BE4A /* CanvasDelegate.swift */ = {isa = PBXFileReference; lastKnownFileType = sourcecode.swift; path = CanvasDelegate.swift; sourceTree = "<group>"; };
		3E2837DB2425BBB7001BAA2F /* Constants.swift */ = {isa = PBXFileReference; lastKnownFileType = sourcecode.swift; path = Constants.swift; sourceTree = "<group>"; };
		3E2837DD2425C51E001BAA2F /* Authentication.swift */ = {isa = PBXFileReference; lastKnownFileType = sourcecode.swift; path = Authentication.swift; sourceTree = "<group>"; };
		3E2BDC85241A59C0001D8E8A /* Message.swift */ = {isa = PBXFileReference; lastKnownFileType = sourcecode.swift; path = Message.swift; sourceTree = "<group>"; };
		3EA22E1F2425F6B50065C426 /* AuthenticationUpdateDelegate.swift */ = {isa = PBXFileReference; lastKnownFileType = sourcecode.swift; path = AuthenticationUpdateDelegate.swift; sourceTree = "<group>"; };
		3EA22E212425FF210065C426 /* AuthenticationTests.swift */ = {isa = PBXFileReference; lastKnownFileType = sourcecode.swift; path = AuthenticationTests.swift; sourceTree = "<group>"; };
		3EF004F5241906A300136234 /* LoginViewController.swift */ = {isa = PBXFileReference; lastKnownFileType = sourcecode.swift; path = LoginViewController.swift; sourceTree = "<group>"; };
		3EF004F72419071F00136234 /* SignUpViewController.swift */ = {isa = PBXFileReference; lastKnownFileType = sourcecode.swift; path = SignUpViewController.swift; sourceTree = "<group>"; };
		3EF004F9241907FB00136234 /* HomeViewController.swift */ = {isa = PBXFileReference; lastKnownFileType = sourcecode.swift; path = HomeViewController.swift; sourceTree = "<group>"; };
		3EF004FB2419149A00136234 /* StringHelper.swift */ = {isa = PBXFileReference; lastKnownFileType = sourcecode.swift; path = StringHelper.swift; sourceTree = "<group>"; };
		3F32A3E67038A82FFC1388CC /* Pods-DrawBerry.debug.xcconfig */ = {isa = PBXFileReference; includeInIndex = 1; lastKnownFileType = text.xcconfig; name = "Pods-DrawBerry.debug.xcconfig"; path = "Target Support Files/Pods-DrawBerry/Pods-DrawBerry.debug.xcconfig"; sourceTree = "<group>"; };
		51DFAD24D4266887B74A5783 /* Pods-DrawBerryTests.release.xcconfig */ = {isa = PBXFileReference; includeInIndex = 1; lastKnownFileType = text.xcconfig; name = "Pods-DrawBerryTests.release.xcconfig"; path = "Target Support Files/Pods-DrawBerryTests/Pods-DrawBerryTests.release.xcconfig"; sourceTree = "<group>"; };
		6F180B30F4ED1A69977FEC0D /* Pods-DrawBerryTests.debug.xcconfig */ = {isa = PBXFileReference; includeInIndex = 1; lastKnownFileType = text.xcconfig; name = "Pods-DrawBerryTests.debug.xcconfig"; path = "Target Support Files/Pods-DrawBerryTests/Pods-DrawBerryTests.debug.xcconfig"; sourceTree = "<group>"; };
		86834A6C22D04E4C8233B63C /* Pods-DrawBerry.release.xcconfig */ = {isa = PBXFileReference; includeInIndex = 1; lastKnownFileType = text.xcconfig; name = "Pods-DrawBerry.release.xcconfig"; path = "Target Support Files/Pods-DrawBerry/Pods-DrawBerry.release.xcconfig"; sourceTree = "<group>"; };
		FC08299E2425F8F700251AB4 /* CompetitiveGameTests.swift */ = {isa = PBXFileReference; lastKnownFileType = sourcecode.swift; path = CompetitiveGameTests.swift; sourceTree = "<group>"; };
		FC1D8D6A2421CE5600370EC4 /* PowerupAssets.swift */ = {isa = PBXFileReference; lastKnownFileType = sourcecode.swift; path = PowerupAssets.swift; sourceTree = "<group>"; };
		FC1D8D6C2421FEFD00370EC4 /* PowerupView.swift */ = {isa = PBXFileReference; lastKnownFileType = sourcecode.swift; path = PowerupView.swift; sourceTree = "<group>"; };
		FC48897F241C79FD00375140 /* CompetitivePlayer.swift */ = {isa = PBXFileReference; lastKnownFileType = sourcecode.swift; path = CompetitivePlayer.swift; sourceTree = "<group>"; };
		FC488981241C7A8B00375140 /* CompetitiveGame.swift */ = {isa = PBXFileReference; lastKnownFileType = sourcecode.swift; path = CompetitiveGame.swift; sourceTree = "<group>"; };
		FC488987241C7C4D00375140 /* CompetitiveViewController.swift */ = {isa = PBXFileReference; lastKnownFileType = sourcecode.swift; path = CompetitiveViewController.swift; sourceTree = "<group>"; };
		FC59CA3C241E0A10004D50EF /* Powerup.swift */ = {isa = PBXFileReference; lastKnownFileType = sourcecode.swift; path = Powerup.swift; sourceTree = "<group>"; };
		FC59CA3F241E0BDF004D50EF /* PowerupManager.swift */ = {isa = PBXFileReference; lastKnownFileType = sourcecode.swift; path = PowerupManager.swift; sourceTree = "<group>"; };
		FC59CA41241E10EC004D50EF /* ExtraStrokePowerup.swift */ = {isa = PBXFileReference; lastKnownFileType = sourcecode.swift; path = ExtraStrokePowerup.swift; sourceTree = "<group>"; };
		FC59CA45241E18C9004D50EF /* ChangeAlphaPowerup.swift */ = {isa = PBXFileReference; lastKnownFileType = sourcecode.swift; path = ChangeAlphaPowerup.swift; sourceTree = "<group>"; };
		FC8D95DD24236FFE00D7A563 /* InkSplotchPowerup.swift */ = {isa = PBXFileReference; lastKnownFileType = sourcecode.swift; path = InkSplotchPowerup.swift; sourceTree = "<group>"; };
		FCA298542425FA2C00AE1A83 /* PowerupManagerTests.swift */ = {isa = PBXFileReference; lastKnownFileType = sourcecode.swift; path = PowerupManagerTests.swift; sourceTree = "<group>"; };
		FCA298562425FA5100AE1A83 /* CompetitivePlayerTests.swift */ = {isa = PBXFileReference; lastKnownFileType = sourcecode.swift; path = CompetitivePlayerTests.swift; sourceTree = "<group>"; };
		FCA298582426161300AE1A83 /* StringHelperTest.swift */ = {isa = PBXFileReference; fileEncoding = 4; lastKnownFileType = sourcecode.swift; path = StringHelperTest.swift; sourceTree = "<group>"; };
		FCC7F3E82421CA690096F934 /* CompetitiveView.swift */ = {isa = PBXFileReference; lastKnownFileType = sourcecode.swift; path = CompetitiveView.swift; sourceTree = "<group>"; };
		FCEC3BE22417941600F0DE03 /* DrawBerry.app */ = {isa = PBXFileReference; explicitFileType = wrapper.application; includeInIndex = 0; path = DrawBerry.app; sourceTree = BUILT_PRODUCTS_DIR; };
		FCEC3BE52417941600F0DE03 /* AppDelegate.swift */ = {isa = PBXFileReference; lastKnownFileType = sourcecode.swift; path = AppDelegate.swift; sourceTree = "<group>"; };
		FCEC3BE72417941600F0DE03 /* SceneDelegate.swift */ = {isa = PBXFileReference; lastKnownFileType = sourcecode.swift; path = SceneDelegate.swift; sourceTree = "<group>"; };
		FCEC3BE92417941600F0DE03 /* ClassicViewController.swift */ = {isa = PBXFileReference; lastKnownFileType = sourcecode.swift; path = ClassicViewController.swift; sourceTree = "<group>"; };
		FCEC3BEC2417941600F0DE03 /* Base */ = {isa = PBXFileReference; lastKnownFileType = file.storyboard; name = Base; path = Base.lproj/Main.storyboard; sourceTree = "<group>"; };
		FCEC3BEE2417941700F0DE03 /* Assets.xcassets */ = {isa = PBXFileReference; lastKnownFileType = folder.assetcatalog; path = Assets.xcassets; sourceTree = "<group>"; };
		FCEC3BF12417941700F0DE03 /* Base */ = {isa = PBXFileReference; lastKnownFileType = file.storyboard; name = Base; path = Base.lproj/LaunchScreen.storyboard; sourceTree = "<group>"; };
		FCEC3BF32417941700F0DE03 /* Info.plist */ = {isa = PBXFileReference; lastKnownFileType = text.plist.xml; path = Info.plist; sourceTree = "<group>"; };
		FCEC3BF82417941700F0DE03 /* DrawBerryTests.xctest */ = {isa = PBXFileReference; explicitFileType = wrapper.cfbundle; includeInIndex = 0; path = DrawBerryTests.xctest; sourceTree = BUILT_PRODUCTS_DIR; };
		FCEC3BFC2417941700F0DE03 /* DrawBerryTests.swift */ = {isa = PBXFileReference; lastKnownFileType = sourcecode.swift; path = DrawBerryTests.swift; sourceTree = "<group>"; };
		FCEC3BFE2417941700F0DE03 /* Info.plist */ = {isa = PBXFileReference; lastKnownFileType = text.plist.xml; path = Info.plist; sourceTree = "<group>"; };
		FCEC3C032417941700F0DE03 /* DrawBerryUITests.xctest */ = {isa = PBXFileReference; explicitFileType = wrapper.cfbundle; includeInIndex = 0; path = DrawBerryUITests.xctest; sourceTree = BUILT_PRODUCTS_DIR; };
		FCEC3C072417941700F0DE03 /* DrawBerryUITests.swift */ = {isa = PBXFileReference; lastKnownFileType = sourcecode.swift; path = DrawBerryUITests.swift; sourceTree = "<group>"; };
		FCEC3C092417941700F0DE03 /* Info.plist */ = {isa = PBXFileReference; lastKnownFileType = text.plist.xml; path = Info.plist; sourceTree = "<group>"; };
		FF7B86EB6DA88700E93D9971 /* Pods_DrawBerry_DrawBerryUITests.framework */ = {isa = PBXFileReference; explicitFileType = wrapper.framework; includeInIndex = 0; path = Pods_DrawBerry_DrawBerryUITests.framework; sourceTree = BUILT_PRODUCTS_DIR; };
/* End PBXFileReference section */

/* Begin PBXFrameworksBuildPhase section */
		FCEC3BDF2417941600F0DE03 /* Frameworks */ = {
			isa = PBXFrameworksBuildPhase;
			buildActionMask = 2147483647;
			files = (
				B5BF19E44604DE25EE903483 /* Pods_DrawBerry.framework in Frameworks */,
			);
			runOnlyForDeploymentPostprocessing = 0;
		};
		FCEC3BF52417941700F0DE03 /* Frameworks */ = {
			isa = PBXFrameworksBuildPhase;
			buildActionMask = 2147483647;
			files = (
				93DAF243E97405D78CF30A21 /* Pods_DrawBerryTests.framework in Frameworks */,
			);
			runOnlyForDeploymentPostprocessing = 0;
		};
		FCEC3C002417941700F0DE03 /* Frameworks */ = {
			isa = PBXFrameworksBuildPhase;
			buildActionMask = 2147483647;
			files = (
				7077775E169D994ED78C9B28 /* Pods_DrawBerry_DrawBerryUITests.framework in Frameworks */,
			);
			runOnlyForDeploymentPostprocessing = 0;
		};
/* End PBXFrameworksBuildPhase section */

/* Begin PBXGroup section */
		1A3920F32425BC3100847E72 /* CompetitiveGame */ = {
			isa = PBXGroup;
			children = (
				FC488987241C7C4D00375140 /* CompetitiveViewController.swift */,
			);
			path = CompetitiveGame;
			sourceTree = "<group>";
		};
		1A3920F42425BE9700847E72 /* ModelTests */ = {
			isa = PBXGroup;
			children = (
				FC0829A02425F8FF00251AB4 /* CompetitiveGameTests */,
				1A3920F62425BEDB00847E72 /* GameRoomTests */,
				1A6C69212425C7F8005E6D45 /* ClassicGameTests */,
        FCA298582426161300AE1A83 /* StringHelperTest.swift */,
			);
			path = ModelTests;
			sourceTree = "<group>";
		};
		1A3920F62425BEDB00847E72 /* GameRoomTests */ = {
			isa = PBXGroup;
			children = (
				1A3920F92425BF6700847E72 /* RoomPlayerTests.swift */,
				1A3920F72425BF1D00847E72 /* GameRoomTests.swift */,
			);
			path = GameRoomTests;
			sourceTree = "<group>";
		};
		1A3ACB872422794F007FA27C /* ClassicGame */ = {
			isa = PBXGroup;
			children = (
				1A432BD9241FBA540097A14F /* EnterRoomViewController.swift */,
				1A432BD7241FB6240097A14F /* GameRoomViewController.swift */,
				FCEC3BE92417941600F0DE03 /* ClassicViewController.swift */,
				1A3ACB8524227948007FA27C /* VotingViewController.swift */,
			);
			path = ClassicGame;
			sourceTree = "<group>";
		};
		1A3F39972421C0CD0084859F /* ClassicGame */ = {
			isa = PBXGroup;
			children = (
				1A000ED824222AE4007FDB32 /* ClassicPlayer.swift */,
				1A000EDA24222AF4007FDB32 /* ClassicGame.swift */,
				1A3A9F7C2423C35200C417AC /* ClassicGameDelegate.swift */,
			);
			path = ClassicGame;
			sourceTree = "<group>";
		};
		1A3F39982421C0DC0084859F /* GameRoom */ = {
			isa = PBXGroup;
			children = (
				1A432BD3241FB2E00097A14F /* RoomPlayer.swift */,
				1A432BD5241FB30A0097A14F /* GameRoom.swift */,
				1A000ED62422208C007FDB32 /* GameRoomStatus.swift */,
				1AD5ADD32421F275003B23C9 /* GameRoomDelegate.swift */,
			);
			path = GameRoom;
			sourceTree = "<group>";
		};
		1A432BDB241FC5CE0097A14F /* Network */ = {
			isa = PBXGroup;
			children = (
				1A432BDC241FC5DF0097A14F /* NetworkHelper.swift */,
				1A432BDE241FC6AC0097A14F /* RoomNetworkAdapter.swift */,
				1A4C5F242422619500937244 /* ClassicGameNetworkAdapter.swift */,
			);
			path = Network;
			sourceTree = "<group>";
		};
		1A5252B3241FAD0D00E7F68C /* ViewControllers */ = {
			isa = PBXGroup;
			children = (
				3E2BDC87241A6224001D8E8A /* UserAuthentication */,
				1A3ACB872422794F007FA27C /* ClassicGame */,
				1A3920F32425BC3100847E72 /* CompetitiveGame */,
				379EE01D24230909005257E1 /* CanvasDelegateViewController.swift */,
				3EF004F9241907FB00136234 /* HomeViewController.swift */,
			);
			path = ViewControllers;
			sourceTree = "<group>";
		};
		1A5252B4241FAF0300E7F68C /* Canvas */ = {
			isa = PBXGroup;
			children = (
				37CE06522418809D0085BE4A /* Canvas.swift */,
				3749D39C2425ABD400CE798F /* Palette.swift */,
				37CE0661241FC1120085BE4A /* CanvasDelegate.swift */,
				37CE06512418809D0085BE4A /* BerryCanvas.swift */,
				37CE0657241B1E240085BE4A /* BerryPalette.swift */,
				379EE021242455AC005257E1 /* Stroke.swift */,
				379EE01B24230283005257E1 /* PaletteObserver.swift */,
			);
			path = Canvas;
			sourceTree = "<group>";
		};
		1A5252B5241FAF3F00E7F68C /* Views */ = {
			isa = PBXGroup;
			children = (
				37CE065D241E1BF20085BE4A /* InkView.swift */,
				379EE01F2424556E005257E1 /* StrokeView.swift */,
				FCC7F3E82421CA690096F934 /* CompetitiveView.swift */,
				FC1D8D6C2421FEFD00370EC4 /* PowerupView.swift */,
				3749D3A92425F00500CE798F /* UIImageExtension.swift */,
				3749D3AC2425F14A00CE798F /* UIImageViewExtension.swift */,
			);
			path = Views;
			sourceTree = "<group>";
		};
		1A6C69212425C7F8005E6D45 /* ClassicGameTests */ = {
			isa = PBXGroup;
			children = (
				1A6C69222425C811005E6D45 /* ClassicPlayerTests.swift */,
				1A6C69262425CE19005E6D45 /* ClassicGameTests.swift */,
			);
			path = ClassicGameTests;
			sourceTree = "<group>";
		};
		37CE06502418809D0085BE4A /* Model */ = {
			isa = PBXGroup;
			children = (
				1A3F39982421C0DC0084859F /* GameRoom */,
				1A3F39972421C0CD0084859F /* ClassicGame */,
				1A5252B4241FAF0300E7F68C /* Canvas */,
				FC48897C241C79D900375140 /* CompetitiveGame */,
				1A3F39992421C0FB0084859F /* Player.swift */,
				37CE065B241E19850085BE4A /* BerryConstants.swift */,
			);
			path = Model;
			sourceTree = "<group>";
		};
		3E2BDC87241A6224001D8E8A /* UserAuthentication */ = {
			isa = PBXGroup;
			children = (
				3EF004F5241906A300136234 /* LoginViewController.swift */,
				3EF004F72419071F00136234 /* SignUpViewController.swift */,
				3EA22E1F2425F6B50065C426 /* AuthenticationUpdateDelegate.swift */,
				3E2837DD2425C51E001BAA2F /* Authentication.swift */,
			);
			path = UserAuthentication;
			sourceTree = "<group>";
		};
		3E2BDC88241A6257001D8E8A /* Supporting Files */ = {
			isa = PBXGroup;
			children = (
				FCEC3BE52417941600F0DE03 /* AppDelegate.swift */,
				FCEC3BE72417941600F0DE03 /* SceneDelegate.swift */,
			);
			path = "Supporting Files";
			sourceTree = "<group>";
		};
		3E2BDC89241A626B001D8E8A /* Helper */ = {
			isa = PBXGroup;
			children = (
				3EF004FB2419149A00136234 /* StringHelper.swift */,
				3E2BDC85241A59C0001D8E8A /* Message.swift */,
				3E2837DB2425BBB7001BAA2F /* Constants.swift */,
			);
			path = Helper;
			sourceTree = "<group>";
		};
		4DC5CBA0BFA55A45E799CE59 /* Pods */ = {
			isa = PBXGroup;
			children = (
				3F32A3E67038A82FFC1388CC /* Pods-DrawBerry.debug.xcconfig */,
				86834A6C22D04E4C8233B63C /* Pods-DrawBerry.release.xcconfig */,
				1F37164A758ACE561C1CAEC7 /* Pods-DrawBerry-DrawBerryUITests.debug.xcconfig */,
				0512DC0375238871C0778AA1 /* Pods-DrawBerry-DrawBerryUITests.release.xcconfig */,
				6F180B30F4ED1A69977FEC0D /* Pods-DrawBerryTests.debug.xcconfig */,
				51DFAD24D4266887B74A5783 /* Pods-DrawBerryTests.release.xcconfig */,
			);
			path = Pods;
			sourceTree = "<group>";
		};
		8AB14D868021087EE84C9DC9 /* Frameworks */ = {
			isa = PBXGroup;
			children = (
				283B7AA32B517C3468FBBF24 /* Pods_DrawBerry.framework */,
				FF7B86EB6DA88700E93D9971 /* Pods_DrawBerry_DrawBerryUITests.framework */,
				14E717231FA04EC0E07B9DFF /* Pods_DrawBerryTests.framework */,
			);
			name = Frameworks;
			sourceTree = "<group>";
		};
		FC0829A02425F8FF00251AB4 /* CompetitiveGameTests */ = {
			isa = PBXGroup;
			children = (
				FC08299E2425F8F700251AB4 /* CompetitiveGameTests.swift */,
				FCA298542425FA2C00AE1A83 /* PowerupManagerTests.swift */,
				FCA298562425FA5100AE1A83 /* CompetitivePlayerTests.swift */,
			);
			path = CompetitiveGameTests;
			sourceTree = "<group>";
		};
		FC48897C241C79D900375140 /* CompetitiveGame */ = {
			isa = PBXGroup;
			children = (
				FC59CA3E241E0BD2004D50EF /* Powerups */,
				FC48897F241C79FD00375140 /* CompetitivePlayer.swift */,
				FC488981241C7A8B00375140 /* CompetitiveGame.swift */,
			);
			path = CompetitiveGame;
			sourceTree = "<group>";
		};
		FC59CA3E241E0BD2004D50EF /* Powerups */ = {
			isa = PBXGroup;
			children = (
				FC59CA3C241E0A10004D50EF /* Powerup.swift */,
				FC59CA3F241E0BDF004D50EF /* PowerupManager.swift */,
				FC59CA41241E10EC004D50EF /* ExtraStrokePowerup.swift */,
				FC59CA45241E18C9004D50EF /* ChangeAlphaPowerup.swift */,
				FC1D8D6A2421CE5600370EC4 /* PowerupAssets.swift */,
				FC8D95DD24236FFE00D7A563 /* InkSplotchPowerup.swift */,
			);
			path = Powerups;
			sourceTree = "<group>";
		};
		FCEC3BD92417941600F0DE03 = {
			isa = PBXGroup;
			children = (
				FCEC3BE42417941600F0DE03 /* DrawBerry */,
				FCEC3BFB2417941700F0DE03 /* DrawBerryTests */,
				FCEC3C062417941700F0DE03 /* DrawBerryUITests */,
				FCEC3BE32417941600F0DE03 /* Products */,
				4DC5CBA0BFA55A45E799CE59 /* Pods */,
				8AB14D868021087EE84C9DC9 /* Frameworks */,
			);
			sourceTree = "<group>";
		};
		FCEC3BE32417941600F0DE03 /* Products */ = {
			isa = PBXGroup;
			children = (
				FCEC3BE22417941600F0DE03 /* DrawBerry.app */,
				FCEC3BF82417941700F0DE03 /* DrawBerryTests.xctest */,
				FCEC3C032417941700F0DE03 /* DrawBerryUITests.xctest */,
			);
			name = Products;
			sourceTree = "<group>";
		};
		FCEC3BE42417941600F0DE03 /* DrawBerry */ = {
			isa = PBXGroup;
			children = (
				1A432BDB241FC5CE0097A14F /* Network */,
				1A5252B5241FAF3F00E7F68C /* Views */,
				1A5252B3241FAD0D00E7F68C /* ViewControllers */,
				3E2BDC89241A626B001D8E8A /* Helper */,
				37CE06502418809D0085BE4A /* Model */,
				FCEC3BEB2417941600F0DE03 /* Main.storyboard */,
				FCEC3BEE2417941700F0DE03 /* Assets.xcassets */,
				FCEC3BF02417941700F0DE03 /* LaunchScreen.storyboard */,
				FCEC3BF32417941700F0DE03 /* Info.plist */,
				3E2BDC88241A6257001D8E8A /* Supporting Files */,
				1A28DABC2417C8B600CEADB1 /* GoogleService-Info.plist */,
			);
			path = DrawBerry;
			sourceTree = "<group>";
		};
		FCEC3BFB2417941700F0DE03 /* DrawBerryTests */ = {
			isa = PBXGroup;
			children = (
				1A3920F42425BE9700847E72 /* ModelTests */,
				1A3920F52425BEB400847E72 /* HelperTests */,
				FCEC3BFC2417941700F0DE03 /* DrawBerryTests.swift */,
				3EA22E212425FF210065C426 /* AuthenticationTests.swift */,
				3749D3AF242608D400CE798F /* BerryCanvasTest.swift */,
				FCEC3BFE2417941700F0DE03 /* Info.plist */,
			);
			path = DrawBerryTests;
			sourceTree = "<group>";
		};
		FCEC3C062417941700F0DE03 /* DrawBerryUITests */ = {
			isa = PBXGroup;
			children = (
				FCEC3C072417941700F0DE03 /* DrawBerryUITests.swift */,
				379EE013242210E8005257E1 /* ClassicGameUITest.swift */,
				FCEC3C092417941700F0DE03 /* Info.plist */,
			);
			path = DrawBerryUITests;
			sourceTree = "<group>";
		};
/* End PBXGroup section */

/* Begin PBXNativeTarget section */
		FCEC3BE12417941600F0DE03 /* DrawBerry */ = {
			isa = PBXNativeTarget;
			buildConfigurationList = FCEC3C0C2417941700F0DE03 /* Build configuration list for PBXNativeTarget "DrawBerry" */;
			buildPhases = (
				47579F87E12D9E744FE5306B /* [CP] Check Pods Manifest.lock */,
				FCEC3BDE2417941600F0DE03 /* Sources */,
				FCEC3BDF2417941600F0DE03 /* Frameworks */,
				FCEC3BE02417941600F0DE03 /* Resources */,
				712C2D26C76618A38AA36669 /* [CP] Embed Pods Frameworks */,
				3EECC1D4241DE1D8002331EA /* ShellScript */,
			);
			buildRules = (
			);
			dependencies = (
			);
			name = DrawBerry;
			productName = DrawBerry;
			productReference = FCEC3BE22417941600F0DE03 /* DrawBerry.app */;
			productType = "com.apple.product-type.application";
		};
		FCEC3BF72417941700F0DE03 /* DrawBerryTests */ = {
			isa = PBXNativeTarget;
			buildConfigurationList = FCEC3C0F2417941700F0DE03 /* Build configuration list for PBXNativeTarget "DrawBerryTests" */;
			buildPhases = (
				BC3E7847B0AE7989D468F26A /* [CP] Check Pods Manifest.lock */,
				FCEC3BF42417941700F0DE03 /* Sources */,
				FCEC3BF52417941700F0DE03 /* Frameworks */,
				FCEC3BF62417941700F0DE03 /* Resources */,
			);
			buildRules = (
			);
			dependencies = (
				FCEC3BFA2417941700F0DE03 /* PBXTargetDependency */,
			);
			name = DrawBerryTests;
			productName = DrawBerryTests;
			productReference = FCEC3BF82417941700F0DE03 /* DrawBerryTests.xctest */;
			productType = "com.apple.product-type.bundle.unit-test";
		};
		FCEC3C022417941700F0DE03 /* DrawBerryUITests */ = {
			isa = PBXNativeTarget;
			buildConfigurationList = FCEC3C122417941700F0DE03 /* Build configuration list for PBXNativeTarget "DrawBerryUITests" */;
			buildPhases = (
				20513E0962EAB5870DA36F13 /* [CP] Check Pods Manifest.lock */,
				FCEC3BFF2417941700F0DE03 /* Sources */,
				FCEC3C002417941700F0DE03 /* Frameworks */,
				FCEC3C012417941700F0DE03 /* Resources */,
				89569A255367B9ECB50EF6B5 /* [CP] Embed Pods Frameworks */,
			);
			buildRules = (
			);
			dependencies = (
				FCEC3C052417941700F0DE03 /* PBXTargetDependency */,
			);
			name = DrawBerryUITests;
			productName = DrawBerryUITests;
			productReference = FCEC3C032417941700F0DE03 /* DrawBerryUITests.xctest */;
			productType = "com.apple.product-type.bundle.ui-testing";
		};
/* End PBXNativeTarget section */

/* Begin PBXProject section */
		FCEC3BDA2417941600F0DE03 /* Project object */ = {
			isa = PBXProject;
			attributes = {
				LastSwiftUpdateCheck = 1130;
				LastUpgradeCheck = 1130;
				ORGANIZATIONNAME = DrawBerry;
				TargetAttributes = {
					FCEC3BE12417941600F0DE03 = {
						CreatedOnToolsVersion = 11.3.1;
					};
					FCEC3BF72417941700F0DE03 = {
						CreatedOnToolsVersion = 11.3.1;
						TestTargetID = FCEC3BE12417941600F0DE03;
					};
					FCEC3C022417941700F0DE03 = {
						CreatedOnToolsVersion = 11.3.1;
						TestTargetID = FCEC3BE12417941600F0DE03;
					};
				};
			};
			buildConfigurationList = FCEC3BDD2417941600F0DE03 /* Build configuration list for PBXProject "DrawBerry" */;
			compatibilityVersion = "Xcode 9.3";
			developmentRegion = en;
			hasScannedForEncodings = 0;
			knownRegions = (
				en,
				Base,
			);
			mainGroup = FCEC3BD92417941600F0DE03;
			productRefGroup = FCEC3BE32417941600F0DE03 /* Products */;
			projectDirPath = "";
			projectRoot = "";
			targets = (
				FCEC3BE12417941600F0DE03 /* DrawBerry */,
				FCEC3BF72417941700F0DE03 /* DrawBerryTests */,
				FCEC3C022417941700F0DE03 /* DrawBerryUITests */,
			);
		};
/* End PBXProject section */

/* Begin PBXResourcesBuildPhase section */
		FCEC3BE02417941600F0DE03 /* Resources */ = {
			isa = PBXResourcesBuildPhase;
			buildActionMask = 2147483647;
			files = (
				FCEC3BF22417941700F0DE03 /* LaunchScreen.storyboard in Resources */,
				1A28DABD2417C8B600CEADB1 /* GoogleService-Info.plist in Resources */,
				FCEC3BEF2417941700F0DE03 /* Assets.xcassets in Resources */,
				FCEC3BED2417941600F0DE03 /* Main.storyboard in Resources */,
			);
			runOnlyForDeploymentPostprocessing = 0;
		};
		FCEC3BF62417941700F0DE03 /* Resources */ = {
			isa = PBXResourcesBuildPhase;
			buildActionMask = 2147483647;
			files = (
				1A28DABE2417C8B600CEADB1 /* GoogleService-Info.plist in Resources */,
			);
			runOnlyForDeploymentPostprocessing = 0;
		};
		FCEC3C012417941700F0DE03 /* Resources */ = {
			isa = PBXResourcesBuildPhase;
			buildActionMask = 2147483647;
			files = (
				1A28DABF2417C8B600CEADB1 /* GoogleService-Info.plist in Resources */,
			);
			runOnlyForDeploymentPostprocessing = 0;
		};
/* End PBXResourcesBuildPhase section */

/* Begin PBXShellScriptBuildPhase section */
		20513E0962EAB5870DA36F13 /* [CP] Check Pods Manifest.lock */ = {
			isa = PBXShellScriptBuildPhase;
			buildActionMask = 2147483647;
			files = (
			);
			inputFileListPaths = (
			);
			inputPaths = (
				"${PODS_PODFILE_DIR_PATH}/Podfile.lock",
				"${PODS_ROOT}/Manifest.lock",
			);
			name = "[CP] Check Pods Manifest.lock";
			outputFileListPaths = (
			);
			outputPaths = (
				"$(DERIVED_FILE_DIR)/Pods-DrawBerry-DrawBerryUITests-checkManifestLockResult.txt",
			);
			runOnlyForDeploymentPostprocessing = 0;
			shellPath = /bin/sh;
			shellScript = "diff \"${PODS_PODFILE_DIR_PATH}/Podfile.lock\" \"${PODS_ROOT}/Manifest.lock\" > /dev/null\nif [ $? != 0 ] ; then\n    # print error to STDERR\n    echo \"error: The sandbox is not in sync with the Podfile.lock. Run 'pod install' or update your CocoaPods installation.\" >&2\n    exit 1\nfi\n# This output is used by Xcode 'outputs' to avoid re-running this script phase.\necho \"SUCCESS\" > \"${SCRIPT_OUTPUT_FILE_0}\"\n";
			showEnvVarsInLog = 0;
		};
		3EECC1D4241DE1D8002331EA /* ShellScript */ = {
			isa = PBXShellScriptBuildPhase;
			buildActionMask = 2147483647;
			files = (
			);
			inputFileListPaths = (
			);
			inputPaths = (
			);
			outputFileListPaths = (
			);
			outputPaths = (
			);
			runOnlyForDeploymentPostprocessing = 0;
			shellPath = /bin/sh;
			shellScript = "if which swiftlint >/dev/null; then\n  swiftlint\nelse\n  echo \"warning: SwiftLint not installed, download from https://github.com/realm/SwiftLint\"\nfi  \n";
		};
		47579F87E12D9E744FE5306B /* [CP] Check Pods Manifest.lock */ = {
			isa = PBXShellScriptBuildPhase;
			buildActionMask = 2147483647;
			files = (
			);
			inputFileListPaths = (
			);
			inputPaths = (
				"${PODS_PODFILE_DIR_PATH}/Podfile.lock",
				"${PODS_ROOT}/Manifest.lock",
			);
			name = "[CP] Check Pods Manifest.lock";
			outputFileListPaths = (
			);
			outputPaths = (
				"$(DERIVED_FILE_DIR)/Pods-DrawBerry-checkManifestLockResult.txt",
			);
			runOnlyForDeploymentPostprocessing = 0;
			shellPath = /bin/sh;
			shellScript = "diff \"${PODS_PODFILE_DIR_PATH}/Podfile.lock\" \"${PODS_ROOT}/Manifest.lock\" > /dev/null\nif [ $? != 0 ] ; then\n    # print error to STDERR\n    echo \"error: The sandbox is not in sync with the Podfile.lock. Run 'pod install' or update your CocoaPods installation.\" >&2\n    exit 1\nfi\n# This output is used by Xcode 'outputs' to avoid re-running this script phase.\necho \"SUCCESS\" > \"${SCRIPT_OUTPUT_FILE_0}\"\n";
			showEnvVarsInLog = 0;
		};
		712C2D26C76618A38AA36669 /* [CP] Embed Pods Frameworks */ = {
			isa = PBXShellScriptBuildPhase;
			buildActionMask = 2147483647;
			files = (
			);
			inputFileListPaths = (
				"${PODS_ROOT}/Target Support Files/Pods-DrawBerry/Pods-DrawBerry-frameworks-${CONFIGURATION}-input-files.xcfilelist",
			);
			name = "[CP] Embed Pods Frameworks";
			outputFileListPaths = (
				"${PODS_ROOT}/Target Support Files/Pods-DrawBerry/Pods-DrawBerry-frameworks-${CONFIGURATION}-output-files.xcfilelist",
			);
			runOnlyForDeploymentPostprocessing = 0;
			shellPath = /bin/sh;
			shellScript = "\"${PODS_ROOT}/Target Support Files/Pods-DrawBerry/Pods-DrawBerry-frameworks.sh\"\n";
			showEnvVarsInLog = 0;
		};
		89569A255367B9ECB50EF6B5 /* [CP] Embed Pods Frameworks */ = {
			isa = PBXShellScriptBuildPhase;
			buildActionMask = 2147483647;
			files = (
			);
			inputFileListPaths = (
				"${PODS_ROOT}/Target Support Files/Pods-DrawBerry-DrawBerryUITests/Pods-DrawBerry-DrawBerryUITests-frameworks-${CONFIGURATION}-input-files.xcfilelist",
			);
			name = "[CP] Embed Pods Frameworks";
			outputFileListPaths = (
				"${PODS_ROOT}/Target Support Files/Pods-DrawBerry-DrawBerryUITests/Pods-DrawBerry-DrawBerryUITests-frameworks-${CONFIGURATION}-output-files.xcfilelist",
			);
			runOnlyForDeploymentPostprocessing = 0;
			shellPath = /bin/sh;
			shellScript = "\"${PODS_ROOT}/Target Support Files/Pods-DrawBerry-DrawBerryUITests/Pods-DrawBerry-DrawBerryUITests-frameworks.sh\"\n";
			showEnvVarsInLog = 0;
		};
		BC3E7847B0AE7989D468F26A /* [CP] Check Pods Manifest.lock */ = {
			isa = PBXShellScriptBuildPhase;
			buildActionMask = 2147483647;
			files = (
			);
			inputFileListPaths = (
			);
			inputPaths = (
				"${PODS_PODFILE_DIR_PATH}/Podfile.lock",
				"${PODS_ROOT}/Manifest.lock",
			);
			name = "[CP] Check Pods Manifest.lock";
			outputFileListPaths = (
			);
			outputPaths = (
				"$(DERIVED_FILE_DIR)/Pods-DrawBerryTests-checkManifestLockResult.txt",
			);
			runOnlyForDeploymentPostprocessing = 0;
			shellPath = /bin/sh;
			shellScript = "diff \"${PODS_PODFILE_DIR_PATH}/Podfile.lock\" \"${PODS_ROOT}/Manifest.lock\" > /dev/null\nif [ $? != 0 ] ; then\n    # print error to STDERR\n    echo \"error: The sandbox is not in sync with the Podfile.lock. Run 'pod install' or update your CocoaPods installation.\" >&2\n    exit 1\nfi\n# This output is used by Xcode 'outputs' to avoid re-running this script phase.\necho \"SUCCESS\" > \"${SCRIPT_OUTPUT_FILE_0}\"\n";
			showEnvVarsInLog = 0;
		};
/* End PBXShellScriptBuildPhase section */

/* Begin PBXSourcesBuildPhase section */
		FCEC3BDE2417941600F0DE03 /* Sources */ = {
			isa = PBXSourcesBuildPhase;
			buildActionMask = 2147483647;
			files = (
				379EE01E24230909005257E1 /* CanvasDelegateViewController.swift in Sources */,
				379EE022242455AC005257E1 /* Stroke.swift in Sources */,
				FC4271BB241E81DE00AF8A3A /* BerryPalette.swift in Sources */,
				3EF004F6241906A300136234 /* LoginViewController.swift in Sources */,
				1A3A9F7D2423C35200C417AC /* ClassicGameDelegate.swift in Sources */,
				1A3ACB8624227948007FA27C /* VotingViewController.swift in Sources */,
				1A432BD4241FB2E10097A14F /* RoomPlayer.swift in Sources */,
				379EE01C24230283005257E1 /* PaletteObserver.swift in Sources */,
				3E2837DE2425C51E001BAA2F /* Authentication.swift in Sources */,
				1AD5ADD42421F276003B23C9 /* GameRoomDelegate.swift in Sources */,
				FC59CA46241E18C9004D50EF /* ChangeAlphaPowerup.swift in Sources */,
				FC59CA42241E10EC004D50EF /* ExtraStrokePowerup.swift in Sources */,
				37CE065E241E1BF20085BE4A /* InkView.swift in Sources */,
				1A432BDD241FC5DF0097A14F /* NetworkHelper.swift in Sources */,
				1A000EDB24222AF4007FDB32 /* ClassicGame.swift in Sources */,
				3EF004F82419071F00136234 /* SignUpViewController.swift in Sources */,
				3EF004FA241907FB00136234 /* HomeViewController.swift in Sources */,
				37CE06532418809D0085BE4A /* BerryCanvas.swift in Sources */,
				FC8D95DE24236FFE00D7A563 /* InkSplotchPowerup.swift in Sources */,
				FC488980241C79FD00375140 /* CompetitivePlayer.swift in Sources */,
				FC488982241C7A8B00375140 /* CompetitiveGame.swift in Sources */,
				1A3F399A2421C0FB0084859F /* Player.swift in Sources */,
				37CE0662241FC1120085BE4A /* CanvasDelegate.swift in Sources */,
				1A432BDF241FC6AC0097A14F /* RoomNetworkAdapter.swift in Sources */,
				3E2837DC2425BBB7001BAA2F /* Constants.swift in Sources */,
				3749D3AA2425F00500CE798F /* UIImageExtension.swift in Sources */,
				3749D39D2425ABD400CE798F /* Palette.swift in Sources */,
				FCEC3BEA2417941600F0DE03 /* ClassicViewController.swift in Sources */,
				3EF004FC2419149A00136234 /* StringHelper.swift in Sources */,
				379EE0202424556E005257E1 /* StrokeView.swift in Sources */,
				1A4C5F252422619500937244 /* ClassicGameNetworkAdapter.swift in Sources */,
				3EA22E202425F6B50065C426 /* AuthenticationUpdateDelegate.swift in Sources */,
				FCEC3BE62417941600F0DE03 /* AppDelegate.swift in Sources */,
				37CE065C241E19850085BE4A /* BerryConstants.swift in Sources */,
				FC1D8D6B2421CE5600370EC4 /* PowerupAssets.swift in Sources */,
				FCC7F3E92421CA690096F934 /* CompetitiveView.swift in Sources */,
				1A432BD6241FB30A0097A14F /* GameRoom.swift in Sources */,
				1A432BD8241FB6240097A14F /* GameRoomViewController.swift in Sources */,
				3E2BDC86241A59C0001D8E8A /* Message.swift in Sources */,
				FC59CA3D241E0A10004D50EF /* Powerup.swift in Sources */,
				1A000ED72422208C007FDB32 /* GameRoomStatus.swift in Sources */,
				FC1D8D6D2421FEFD00370EC4 /* PowerupView.swift in Sources */,
				FC59CA40241E0BDF004D50EF /* PowerupManager.swift in Sources */,
				37CE06542418809D0085BE4A /* Canvas.swift in Sources */,
				FC488988241C7C4D00375140 /* CompetitiveViewController.swift in Sources */,
				3749D3AD2425F14A00CE798F /* UIImageViewExtension.swift in Sources */,
				1A000ED924222AE4007FDB32 /* ClassicPlayer.swift in Sources */,
				FCEC3BE82417941600F0DE03 /* SceneDelegate.swift in Sources */,
				1A432BDA241FBA540097A14F /* EnterRoomViewController.swift in Sources */,
			);
			runOnlyForDeploymentPostprocessing = 0;
		};
		FCEC3BF42417941700F0DE03 /* Sources */ = {
			isa = PBXSourcesBuildPhase;
			buildActionMask = 2147483647;
			files = (
				FCA2985A2426179F00AE1A83 /* Canvas.swift in Sources */,
				1A6C69272425CE19005E6D45 /* ClassicGameTests.swift in Sources */,
				FCA298632426196400AE1A83 /* Powerup.swift in Sources */,
				FCA298642426196400AE1A83 /* PowerupManager.swift in Sources */,
				3EA22E222425FF210065C426 /* AuthenticationTests.swift in Sources */,
				FCA2985C2426195500AE1A83 /* CompetitiveGame.swift in Sources */,
				3749D3B62426093500CE798F /* PaletteObserver.swift in Sources */,
				3749D3B42426093000CE798F /* BerryPalette.swift in Sources */,
				3749D3B0242608D400CE798F /* BerryCanvasTest.swift in Sources */,
				FC08299F2425F8F700251AB4 /* CompetitiveGameTests.swift in Sources */,
				1A3920FA2425BF6700847E72 /* RoomPlayerTests.swift in Sources */,
				FCA298552425FA2C00AE1A83 /* PowerupManagerTests.swift in Sources */,
				1A6C69232425C811005E6D45 /* ClassicPlayerTests.swift in Sources */,
				FCA2985B2426195000AE1A83 /* CompetitivePlayer.swift in Sources */,
				3749D3B52426093300CE798F /* Stroke.swift in Sources */,
				FCA298672426196400AE1A83 /* PowerupAssets.swift in Sources */,
				FCA298682426196400AE1A83 /* InkSplotchPowerup.swift in Sources */,
				3749D3B82426098E00CE798F /* InkView.swift in Sources */,
				FCA298662426196400AE1A83 /* ChangeAlphaPowerup.swift in Sources */,
				3749D3BA2426099600CE798F /* BerryConstants.swift in Sources */,
				FCA298572425FA5100AE1A83 /* CompetitivePlayerTests.swift in Sources */,
				1A3920F82425BF1D00847E72 /* GameRoomTests.swift in Sources */,
				3749D3B32426092E00CE798F /* Palette.swift in Sources */,
				3749D3B12426092A00CE798F /* CanvasDelegate.swift in Sources */,
				3749D3B72426096100CE798F /* BerryCanvas.swift in Sources */,
				FCA298592426161300AE1A83 /* StringHelperTest.swift in Sources */,
				FCA298652426196400AE1A83 /* ExtraStrokePowerup.swift in Sources */,
				3749D3B92426099000CE798F /* StrokeView.swift in Sources */,
				FCA298692426196A00AE1A83 /* Player.swift in Sources */,
				FCEC3BFD2417941700F0DE03 /* DrawBerryTests.swift in Sources */,
			);
			runOnlyForDeploymentPostprocessing = 0;
		};
		FCEC3BFF2417941700F0DE03 /* Sources */ = {
			isa = PBXSourcesBuildPhase;
			buildActionMask = 2147483647;
			files = (
				3749D3A22425E38500CE798F /* GameRoom.swift in Sources */,
				379EE0232424908E005257E1 /* BerryCanvas.swift in Sources */,
				3749D39F2425E2F100CE798F /* RoomNetworkAdapter.swift in Sources */,
				379EE02B24249187005257E1 /* StrokeView.swift in Sources */,
				3749D3A52425E3AD00CE798F /* GameRoomDelegate.swift in Sources */,
				379EE02624249152005257E1 /* Stroke.swift in Sources */,
				3749D39E2425DFF400CE798F /* Palette.swift in Sources */,
				3749D3A62425E7A800CE798F /* CanvasDelegateViewController.swift in Sources */,
				FCEC3C082417941700F0DE03 /* DrawBerryUITests.swift in Sources */,
				3749D3A02425E38000CE798F /* GameRoomStatus.swift in Sources */,
				379EE02524249150005257E1 /* BerryPalette.swift in Sources */,
				379EE02724249158005257E1 /* BerryConstants.swift in Sources */,
				3749D3BB242614F800CE798F /* Canvas.swift in Sources */,
				3749D3A32425E38D00CE798F /* NetworkHelper.swift in Sources */,
				3749D3AB2425F0B200CE798F /* UIImageExtension.swift in Sources */,
				379EE02424249144005257E1 /* CanvasDelegate.swift in Sources */,
				3749D3AE2425F1D100CE798F /* UIImageViewExtension.swift in Sources */,
				379EE014242210E8005257E1 /* ClassicGameUITest.swift in Sources */,
				379EE02824249170005257E1 /* PaletteObserver.swift in Sources */,
				3749D3A12425E38200CE798F /* RoomPlayer.swift in Sources */,
				3749D3A42425E3A900CE798F /* Player.swift in Sources */,
				379EE02A24249185005257E1 /* InkView.swift in Sources */,
			);
			runOnlyForDeploymentPostprocessing = 0;
		};
/* End PBXSourcesBuildPhase section */

/* Begin PBXTargetDependency section */
		FCEC3BFA2417941700F0DE03 /* PBXTargetDependency */ = {
			isa = PBXTargetDependency;
			target = FCEC3BE12417941600F0DE03 /* DrawBerry */;
			targetProxy = FCEC3BF92417941700F0DE03 /* PBXContainerItemProxy */;
		};
		FCEC3C052417941700F0DE03 /* PBXTargetDependency */ = {
			isa = PBXTargetDependency;
			target = FCEC3BE12417941600F0DE03 /* DrawBerry */;
			targetProxy = FCEC3C042417941700F0DE03 /* PBXContainerItemProxy */;
		};
/* End PBXTargetDependency section */

/* Begin PBXVariantGroup section */
		FCEC3BEB2417941600F0DE03 /* Main.storyboard */ = {
			isa = PBXVariantGroup;
			children = (
				FCEC3BEC2417941600F0DE03 /* Base */,
			);
			name = Main.storyboard;
			sourceTree = "<group>";
		};
		FCEC3BF02417941700F0DE03 /* LaunchScreen.storyboard */ = {
			isa = PBXVariantGroup;
			children = (
				FCEC3BF12417941700F0DE03 /* Base */,
			);
			name = LaunchScreen.storyboard;
			sourceTree = "<group>";
		};
/* End PBXVariantGroup section */

/* Begin XCBuildConfiguration section */
		FCEC3C0A2417941700F0DE03 /* Debug */ = {
			isa = XCBuildConfiguration;
			buildSettings = {
				ALWAYS_SEARCH_USER_PATHS = NO;
				CLANG_ANALYZER_NONNULL = YES;
				CLANG_ANALYZER_NUMBER_OBJECT_CONVERSION = YES_AGGRESSIVE;
				CLANG_CXX_LANGUAGE_STANDARD = "gnu++14";
				CLANG_CXX_LIBRARY = "libc++";
				CLANG_ENABLE_MODULES = YES;
				CLANG_ENABLE_OBJC_ARC = YES;
				CLANG_ENABLE_OBJC_WEAK = YES;
				CLANG_WARN_BLOCK_CAPTURE_AUTORELEASING = YES;
				CLANG_WARN_BOOL_CONVERSION = YES;
				CLANG_WARN_COMMA = YES;
				CLANG_WARN_CONSTANT_CONVERSION = YES;
				CLANG_WARN_DEPRECATED_OBJC_IMPLEMENTATIONS = YES;
				CLANG_WARN_DIRECT_OBJC_ISA_USAGE = YES_ERROR;
				CLANG_WARN_DOCUMENTATION_COMMENTS = YES;
				CLANG_WARN_EMPTY_BODY = YES;
				CLANG_WARN_ENUM_CONVERSION = YES;
				CLANG_WARN_INFINITE_RECURSION = YES;
				CLANG_WARN_INT_CONVERSION = YES;
				CLANG_WARN_NON_LITERAL_NULL_CONVERSION = YES;
				CLANG_WARN_OBJC_IMPLICIT_RETAIN_SELF = YES;
				CLANG_WARN_OBJC_LITERAL_CONVERSION = YES;
				CLANG_WARN_OBJC_ROOT_CLASS = YES_ERROR;
				CLANG_WARN_RANGE_LOOP_ANALYSIS = YES;
				CLANG_WARN_STRICT_PROTOTYPES = YES;
				CLANG_WARN_SUSPICIOUS_MOVE = YES;
				CLANG_WARN_UNGUARDED_AVAILABILITY = YES_AGGRESSIVE;
				CLANG_WARN_UNREACHABLE_CODE = YES;
				CLANG_WARN__DUPLICATE_METHOD_MATCH = YES;
				COPY_PHASE_STRIP = NO;
				DEBUG_INFORMATION_FORMAT = dwarf;
				ENABLE_STRICT_OBJC_MSGSEND = YES;
				ENABLE_TESTABILITY = YES;
				GCC_C_LANGUAGE_STANDARD = gnu11;
				GCC_DYNAMIC_NO_PIC = NO;
				GCC_NO_COMMON_BLOCKS = YES;
				GCC_OPTIMIZATION_LEVEL = 0;
				GCC_PREPROCESSOR_DEFINITIONS = (
					"DEBUG=1",
					"$(inherited)",
				);
				GCC_WARN_64_TO_32_BIT_CONVERSION = YES;
				GCC_WARN_ABOUT_RETURN_TYPE = YES_ERROR;
				GCC_WARN_UNDECLARED_SELECTOR = YES;
				GCC_WARN_UNINITIALIZED_AUTOS = YES_AGGRESSIVE;
				GCC_WARN_UNUSED_FUNCTION = YES;
				GCC_WARN_UNUSED_VARIABLE = YES;
				IPHONEOS_DEPLOYMENT_TARGET = 13.2;
				MTL_ENABLE_DEBUG_INFO = INCLUDE_SOURCE;
				MTL_FAST_MATH = YES;
				ONLY_ACTIVE_ARCH = YES;
				SDKROOT = iphoneos;
				SWIFT_ACTIVE_COMPILATION_CONDITIONS = DEBUG;
				SWIFT_OPTIMIZATION_LEVEL = "-Onone";
			};
			name = Debug;
		};
		FCEC3C0B2417941700F0DE03 /* Release */ = {
			isa = XCBuildConfiguration;
			buildSettings = {
				ALWAYS_SEARCH_USER_PATHS = NO;
				CLANG_ANALYZER_NONNULL = YES;
				CLANG_ANALYZER_NUMBER_OBJECT_CONVERSION = YES_AGGRESSIVE;
				CLANG_CXX_LANGUAGE_STANDARD = "gnu++14";
				CLANG_CXX_LIBRARY = "libc++";
				CLANG_ENABLE_MODULES = YES;
				CLANG_ENABLE_OBJC_ARC = YES;
				CLANG_ENABLE_OBJC_WEAK = YES;
				CLANG_WARN_BLOCK_CAPTURE_AUTORELEASING = YES;
				CLANG_WARN_BOOL_CONVERSION = YES;
				CLANG_WARN_COMMA = YES;
				CLANG_WARN_CONSTANT_CONVERSION = YES;
				CLANG_WARN_DEPRECATED_OBJC_IMPLEMENTATIONS = YES;
				CLANG_WARN_DIRECT_OBJC_ISA_USAGE = YES_ERROR;
				CLANG_WARN_DOCUMENTATION_COMMENTS = YES;
				CLANG_WARN_EMPTY_BODY = YES;
				CLANG_WARN_ENUM_CONVERSION = YES;
				CLANG_WARN_INFINITE_RECURSION = YES;
				CLANG_WARN_INT_CONVERSION = YES;
				CLANG_WARN_NON_LITERAL_NULL_CONVERSION = YES;
				CLANG_WARN_OBJC_IMPLICIT_RETAIN_SELF = YES;
				CLANG_WARN_OBJC_LITERAL_CONVERSION = YES;
				CLANG_WARN_OBJC_ROOT_CLASS = YES_ERROR;
				CLANG_WARN_RANGE_LOOP_ANALYSIS = YES;
				CLANG_WARN_STRICT_PROTOTYPES = YES;
				CLANG_WARN_SUSPICIOUS_MOVE = YES;
				CLANG_WARN_UNGUARDED_AVAILABILITY = YES_AGGRESSIVE;
				CLANG_WARN_UNREACHABLE_CODE = YES;
				CLANG_WARN__DUPLICATE_METHOD_MATCH = YES;
				COPY_PHASE_STRIP = NO;
				DEBUG_INFORMATION_FORMAT = "dwarf-with-dsym";
				ENABLE_NS_ASSERTIONS = NO;
				ENABLE_STRICT_OBJC_MSGSEND = YES;
				GCC_C_LANGUAGE_STANDARD = gnu11;
				GCC_NO_COMMON_BLOCKS = YES;
				GCC_WARN_64_TO_32_BIT_CONVERSION = YES;
				GCC_WARN_ABOUT_RETURN_TYPE = YES_ERROR;
				GCC_WARN_UNDECLARED_SELECTOR = YES;
				GCC_WARN_UNINITIALIZED_AUTOS = YES_AGGRESSIVE;
				GCC_WARN_UNUSED_FUNCTION = YES;
				GCC_WARN_UNUSED_VARIABLE = YES;
				IPHONEOS_DEPLOYMENT_TARGET = 13.2;
				MTL_ENABLE_DEBUG_INFO = NO;
				MTL_FAST_MATH = YES;
				SDKROOT = iphoneos;
				SWIFT_COMPILATION_MODE = wholemodule;
				SWIFT_OPTIMIZATION_LEVEL = "-O";
				VALIDATE_PRODUCT = YES;
			};
			name = Release;
		};
		FCEC3C0D2417941700F0DE03 /* Debug */ = {
			isa = XCBuildConfiguration;
			baseConfigurationReference = 3F32A3E67038A82FFC1388CC /* Pods-DrawBerry.debug.xcconfig */;
			buildSettings = {
				ASSETCATALOG_COMPILER_APPICON_NAME = AppIcon;
				CODE_SIGN_STYLE = Automatic;
				DEVELOPMENT_TEAM = W76H98A34A;
				ENABLE_BITCODE = NO;
				INFOPLIST_FILE = DrawBerry/Info.plist;
				LD_RUNPATH_SEARCH_PATHS = (
					"$(inherited)",
					"@executable_path/Frameworks",
				);
				PRODUCT_BUNDLE_IDENTIFIER = com.drawberry.DrawBerry;
				PRODUCT_NAME = "$(TARGET_NAME)";
				SWIFT_VERSION = 5.0;
				TARGETED_DEVICE_FAMILY = "1,2";
			};
			name = Debug;
		};
		FCEC3C0E2417941700F0DE03 /* Release */ = {
			isa = XCBuildConfiguration;
			baseConfigurationReference = 86834A6C22D04E4C8233B63C /* Pods-DrawBerry.release.xcconfig */;
			buildSettings = {
				ASSETCATALOG_COMPILER_APPICON_NAME = AppIcon;
				CODE_SIGN_STYLE = Automatic;
				DEVELOPMENT_TEAM = W76H98A34A;
				ENABLE_BITCODE = NO;
				INFOPLIST_FILE = DrawBerry/Info.plist;
				LD_RUNPATH_SEARCH_PATHS = (
					"$(inherited)",
					"@executable_path/Frameworks",
				);
				PRODUCT_BUNDLE_IDENTIFIER = com.drawberry.DrawBerry;
				PRODUCT_NAME = "$(TARGET_NAME)";
				SWIFT_VERSION = 5.0;
				TARGETED_DEVICE_FAMILY = "1,2";
			};
			name = Release;
		};
		FCEC3C102417941700F0DE03 /* Debug */ = {
			isa = XCBuildConfiguration;
			baseConfigurationReference = 6F180B30F4ED1A69977FEC0D /* Pods-DrawBerryTests.debug.xcconfig */;
			buildSettings = {
				ALWAYS_EMBED_SWIFT_STANDARD_LIBRARIES = YES;
				BUNDLE_LOADER = "$(TEST_HOST)";
				"CODE_SIGN_IDENTITY[sdk=macosx*]" = "Apple Development";
				CODE_SIGN_STYLE = Automatic;
				DEVELOPMENT_TEAM = "";
				INFOPLIST_FILE = DrawBerryTests/Info.plist;
				IPHONEOS_DEPLOYMENT_TARGET = 13.2;
				LD_RUNPATH_SEARCH_PATHS = (
					"$(inherited)",
					"@executable_path/Frameworks",
					"@loader_path/Frameworks",
				);
				PRODUCT_BUNDLE_IDENTIFIER = com.drawberry.DrawBerryTests;
				PRODUCT_NAME = "$(TARGET_NAME)";
				SWIFT_VERSION = 5.0;
				TARGETED_DEVICE_FAMILY = "1,2";
				TEST_HOST = "$(BUILT_PRODUCTS_DIR)/DrawBerry.app/DrawBerry";
			};
			name = Debug;
		};
		FCEC3C112417941700F0DE03 /* Release */ = {
			isa = XCBuildConfiguration;
			baseConfigurationReference = 51DFAD24D4266887B74A5783 /* Pods-DrawBerryTests.release.xcconfig */;
			buildSettings = {
				ALWAYS_EMBED_SWIFT_STANDARD_LIBRARIES = YES;
				BUNDLE_LOADER = "$(TEST_HOST)";
				"CODE_SIGN_IDENTITY[sdk=macosx*]" = "Apple Development";
				CODE_SIGN_STYLE = Automatic;
				DEVELOPMENT_TEAM = "";
				INFOPLIST_FILE = DrawBerryTests/Info.plist;
				IPHONEOS_DEPLOYMENT_TARGET = 13.2;
				LD_RUNPATH_SEARCH_PATHS = (
					"$(inherited)",
					"@executable_path/Frameworks",
					"@loader_path/Frameworks",
				);
				PRODUCT_BUNDLE_IDENTIFIER = com.drawberry.DrawBerryTests;
				PRODUCT_NAME = "$(TARGET_NAME)";
				SWIFT_VERSION = 5.0;
				TARGETED_DEVICE_FAMILY = "1,2";
				TEST_HOST = "$(BUILT_PRODUCTS_DIR)/DrawBerry.app/DrawBerry";
			};
			name = Release;
		};
		FCEC3C132417941700F0DE03 /* Debug */ = {
			isa = XCBuildConfiguration;
			baseConfigurationReference = 1F37164A758ACE561C1CAEC7 /* Pods-DrawBerry-DrawBerryUITests.debug.xcconfig */;
			buildSettings = {
				ALWAYS_EMBED_SWIFT_STANDARD_LIBRARIES = YES;
				CODE_SIGN_STYLE = Automatic;
				DEVELOPMENT_TEAM = "";
				INFOPLIST_FILE = DrawBerryUITests/Info.plist;
				LD_RUNPATH_SEARCH_PATHS = (
					"$(inherited)",
					"@executable_path/Frameworks",
					"@loader_path/Frameworks",
				);
				PRODUCT_BUNDLE_IDENTIFIER = com.drawberry.DrawBerryUITests;
				PRODUCT_NAME = "$(TARGET_NAME)";
				SWIFT_VERSION = 5.0;
				TARGETED_DEVICE_FAMILY = "1,2";
				TEST_TARGET_NAME = DrawBerry;
			};
			name = Debug;
		};
		FCEC3C142417941700F0DE03 /* Release */ = {
			isa = XCBuildConfiguration;
			baseConfigurationReference = 0512DC0375238871C0778AA1 /* Pods-DrawBerry-DrawBerryUITests.release.xcconfig */;
			buildSettings = {
				ALWAYS_EMBED_SWIFT_STANDARD_LIBRARIES = YES;
				CODE_SIGN_STYLE = Automatic;
				DEVELOPMENT_TEAM = "";
				INFOPLIST_FILE = DrawBerryUITests/Info.plist;
				LD_RUNPATH_SEARCH_PATHS = (
					"$(inherited)",
					"@executable_path/Frameworks",
					"@loader_path/Frameworks",
				);
				PRODUCT_BUNDLE_IDENTIFIER = com.drawberry.DrawBerryUITests;
				PRODUCT_NAME = "$(TARGET_NAME)";
				SWIFT_VERSION = 5.0;
				TARGETED_DEVICE_FAMILY = "1,2";
				TEST_TARGET_NAME = DrawBerry;
			};
			name = Release;
		};
/* End XCBuildConfiguration section */

/* Begin XCConfigurationList section */
		FCEC3BDD2417941600F0DE03 /* Build configuration list for PBXProject "DrawBerry" */ = {
			isa = XCConfigurationList;
			buildConfigurations = (
				FCEC3C0A2417941700F0DE03 /* Debug */,
				FCEC3C0B2417941700F0DE03 /* Release */,
			);
			defaultConfigurationIsVisible = 0;
			defaultConfigurationName = Release;
		};
		FCEC3C0C2417941700F0DE03 /* Build configuration list for PBXNativeTarget "DrawBerry" */ = {
			isa = XCConfigurationList;
			buildConfigurations = (
				FCEC3C0D2417941700F0DE03 /* Debug */,
				FCEC3C0E2417941700F0DE03 /* Release */,
			);
			defaultConfigurationIsVisible = 0;
			defaultConfigurationName = Release;
		};
		FCEC3C0F2417941700F0DE03 /* Build configuration list for PBXNativeTarget "DrawBerryTests" */ = {
			isa = XCConfigurationList;
			buildConfigurations = (
				FCEC3C102417941700F0DE03 /* Debug */,
				FCEC3C112417941700F0DE03 /* Release */,
			);
			defaultConfigurationIsVisible = 0;
			defaultConfigurationName = Release;
		};
		FCEC3C122417941700F0DE03 /* Build configuration list for PBXNativeTarget "DrawBerryUITests" */ = {
			isa = XCConfigurationList;
			buildConfigurations = (
				FCEC3C132417941700F0DE03 /* Debug */,
				FCEC3C142417941700F0DE03 /* Release */,
			);
			defaultConfigurationIsVisible = 0;
			defaultConfigurationName = Release;
		};
/* End XCConfigurationList section */
	};
	rootObject = FCEC3BDA2417941600F0DE03 /* Project object */;
}
